
Microsoft Visual Studio Solution File, Format Version 12.00
# Visual Studio Version 16
VisualStudioVersion = 16.0.29020.237
MinimumVisualStudioVersion = 10.0.40219.1
Project("{FAE04EC0-301F-11D3-BF4B-00C04F79EFBC}") = "MyProject", "MyProject\MyProject.csproj", "{555F97DE-8618-4666-B094-1B200AA16DB3}"
EndProject
Project("{FAE04EC0-301F-11D3-BF4B-00C04F79EFBC}") = "DataAccess", "DataAccess\DataAccess.csproj", "{C01F0A21-457A-4DFC-A623-0ED6CC00AD86}"
EndProject
Project("{FAE04EC0-301F-11D3-BF4B-00C04F79EFBC}") = "MyRuleEngine", "MyRuleEngine\MyRuleEngine.csproj", "{0BBD2EE2-18E4-4135-A87D-F800DDDDE099}"
EndProject
Project("{FAE04EC0-301F-11D3-BF4B-00C04F79EFBC}") = "MyRuleEngineTest", "MyRuleEngineTest\MyRuleEngineTest.csproj", "{AD8BA5D8-8F9A-4353-A1DE-9BE0C3CBBC3F}"
EndProject
Project("{FAE04EC0-301F-11D3-BF4B-00C04F79EFBC}") = "MyRules", "MyRules\MyRules.csproj", "{1CAAD937-7B4F-475C-B489-DB97C6F8AAF2}"
EndProject
Project("{FAE04EC0-301F-11D3-BF4B-00C04F79EFBC}") = "MyUIGenerator", "MyUIGenerator\MyUIGenerator.csproj", "{FE03E933-B20F-4560-ACA1-A38DE76FF8EE}"
EndProject
Project("{FAE04EC0-301F-11D3-BF4B-00C04F79EFBC}") = "MyUILibrary", "MyUILibrary\MyUILibrary.csproj", "{3175EAFA-138C-4B2B-8EA6-4C09D8C0FA81}"
EndProject
Project("{FAE04EC0-301F-11D3-BF4B-00C04F79EFBC}") = "ProxyLibrary", "ProxyLibrary\ProxyLibrary.csproj", "{2AD586DD-C9BE-42D3-8EF7-E9657F992503}"
EndProject
Project("{FAE04EC0-301F-11D3-BF4B-00C04F79EFBC}") = "MyDataManagerService", "MyDataManager\MyDataManagerService.csproj", "{F1384F0F-3BAC-4461-A987-48F0DC340E90}"
EndProject
Project("{FAE04EC0-301F-11D3-BF4B-00C04F79EFBC}") = "MyDataEditManagerBusiness", "MyDataManagerBusiness\MyDataEditManagerBusiness.csproj", "{015494B7-335C-4B3F-B896-278E4FE3B878}"
EndProject
Project("{2150E333-8FDC-42A3-9474-1A3956D46DE8}") = "RuleEngine", "RuleEngine", "{AEBDED62-5D0E-4EA8-8097-0D56DFC2EA77}"
EndProject
Project("{FAE04EC0-301F-11D3-BF4B-00C04F79EFBC}") = "MySecurity", "MySecurity\MySecurity.csproj", "{878D3665-BE5E-401F-A859-C81D3406E5C7}"
EndProject
Project("{FAE04EC0-301F-11D3-BF4B-00C04F79EFBC}") = "MyProject_WPF", "MyProject_WPF\MyProject_WPF.csproj", "{807F51A0-3A82-4CD6-ADEF-397621AAC22B}"
	ProjectSection(ProjectDependencies) = postProject
		{0286E910-498B-4A14-ABDA-8CFC0E2C0CF9} = {0286E910-498B-4A14-ABDA-8CFC0E2C0CF9}
	EndProjectSection
EndProject
Project("{FAE04EC0-301F-11D3-BF4B-00C04F79EFBC}") = "MyModelManager", "MyModelManager\MyModelManager.csproj", "{C85C5486-CA1A-4963-8594-C85E441CEBC2}"
EndProject
Project("{FAE04EC0-301F-11D3-BF4B-00C04F79EFBC}") = "MyModelGenerator", "MyModelGenerator\MyModelGenerator.csproj", "{3A828530-4845-4D05-B809-A3812AC4B26A}"
EndProject
Project("{FAE04EC0-301F-11D3-BF4B-00C04F79EFBC}") = "MyGeneralLibrary", "MyGeneralLibrary\MyGeneralLibrary.csproj", "{6F52D329-3BDD-4A8A-BB6E-5FE5A118E3BE}"
EndProject
Project("{FAE04EC0-301F-11D3-BF4B-00C04F79EFBC}") = "MyFormulaFunctionStateFunctionLibrary", "MyFormulaLibrary\MyFormulaFunctionStateFunctionLibrary.csproj", "{27638591-E3A9-4697-87C5-19C33E24A658}"
EndProject
Project("{FAE04EC0-301F-11D3-BF4B-00C04F79EFBC}") = "MyCacheManager", "MyCacheManager\MyCacheManager.csproj", "{D1C98A55-D403-45BB-B06F-63482DE541F3}"
EndProject
Project("{FAE04EC0-301F-11D3-BF4B-00C04F79EFBC}") = "MyInterfaces", "MyInterfaces\MyInterfaces.csproj", "{8ABC6369-3F6E-40FB-A354-5106930CB07C}"
EndProject
Project("{FAE04EC0-301F-11D3-BF4B-00C04F79EFBC}") = "MyTestImplLibrary", "MyTestImplLibrary\MyTestImplLibrary.csproj", "{0286E910-498B-4A14-ABDA-8CFC0E2C0CF9}"
EndProject
Project("{FAE04EC0-301F-11D3-BF4B-00C04F79EFBC}") = "MyCodeFunctionLibrary", "MyCodeFunctionLibrary\MyCodeFunctionLibrary.csproj", "{C384C65C-05C3-4E36-84D2-D9551745E91E}"
EndProject
Project("{FAE04EC0-301F-11D3-BF4B-00C04F79EFBC}") = "MyConnectionManager", "MyConnectionManager\MyConnectionManager.csproj", "{BD833980-A9AD-4889-A9B0-23A0EFCFEA80}"
EndProject
Project("{FAE04EC0-301F-11D3-BF4B-00C04F79EFBC}") = "MyDataSearchManagerBusiness", "MyDataSearchManagerBusiness\MyDataSearchManagerBusiness.csproj", "{518BDF6D-0AD2-44DD-945D-DCF74BB4A055}"
EndProject
Project("{FAE04EC0-301F-11D3-BF4B-00C04F79EFBC}") = "MyPackageManager", "MyPackageManager\MyPackageManager.csproj", "{CCDA9778-DC4A-4E22-BBD0-68BDED623625}"
EndProject
Project("{FAE04EC0-301F-11D3-BF4B-00C04F79EFBC}") = "MyDatabaseFunctionLibrary", "MyDatatbaseFunctionLibrary\MyDatabaseFunctionLibrary.csproj", "{867C4746-8C02-458D-9A5D-28B60FB88E18}"
EndProject
Project("{FAE04EC0-301F-11D3-BF4B-00C04F79EFBC}") = "MyDatabaseToObject", "MyDatabaseToObject\MyDatabaseToObject.csproj", "{BB4870CD-5A28-474C-A513-491AF655988F}"
EndProject
Project("{FAE04EC0-301F-11D3-BF4B-00C04F79EFBC}") = "MyUILibraryInterfaces", "MyUILibraryInterfaces\MyUILibraryInterfaces.csproj", "{5C85873C-C376-4899-8806-FE8544419B18}"
EndProject
Project("{FAE04EC0-301F-11D3-BF4B-00C04F79EFBC}") = "MyCommonWPFControls", "MyCommonWPFControls\MyCommonWPFControls.csproj", "{DF529814-4102-4145-9345-B405ED79138A}"
EndProject
Project("{FAE04EC0-301F-11D3-BF4B-00C04F79EFBC}") = "MyReportManager", "MyReportManager\MyReportManager.csproj", "{A1FD0583-17CC-4C81-90CD-047EB8950511}"
EndProject
Project("{FAE04EC0-301F-11D3-BF4B-00C04F79EFBC}") = "MyDataItemManager", "MyLetterManager\MyDataItemManager.csproj", "{14CAAA31-D18C-4D10-805D-5E0E7E2C5B02}"
EndProject
Project("{FAE04EC0-301F-11D3-BF4B-00C04F79EFBC}") = "MyLetterGenerator", "MyLetterGenerator\MyLetterGenerator.csproj", "{9F61E0ED-FAB1-47C5-AED2-3B9DB06DEFB2}"
EndProject
Project("{FAE04EC0-301F-11D3-BF4B-00C04F79EFBC}") = "MyRelationshipDataManager", "MyRelationshipDataManager\MyRelationshipDataManager.csproj", "{0612055B-9AB3-44E1-9662-7F8E1C29AF75}"
EndProject
Project("{FAE04EC0-301F-11D3-BF4B-00C04F79EFBC}") = "MyTestApp", "MyTestApp\MyTestApp.csproj", "{71F2BD1E-4867-455C-A15A-37C7A3E24B45}"
EndProject
Project("{FAE04EC0-301F-11D3-BF4B-00C04F79EFBC}") = "MyRelationshipTailDataManager", "MyRelationshipTailDataManager\MyRelationshipTailDataManager.csproj", "{EEC1267E-372F-46B9-A4D1-22E03743A8E3}"
EndProject
Project("{FAE04EC0-301F-11D3-BF4B-00C04F79EFBC}") = "MyExternalReportLibrary", "MyExternalReportLibrary\MyExternalReportLibrary.csproj", "{26A2FBFA-BA39-47E2-9C48-45797D68A3F9}"
EndProject
Project("{FAE04EC0-301F-11D3-BF4B-00C04F79EFBC}") = "Paper_MetadataManagement", "Paper_MetadataManagement\Paper_MetadataManagement.csproj", "{E612E069-A4DC-452E-A231-D8419A62C42A}"
EndProject
Project("{FAE04EC0-301F-11D3-BF4B-00C04F79EFBC}") = "MySampleCodeFunctions", "MySampleCodeFunctions\MySampleCodeFunctions.csproj", "{EFD2F7DD-D599-4308-9A44-8A03010B425C}"
EndProject
Project("{FAE04EC0-301F-11D3-BF4B-00C04F79EFBC}") = "MyReportRestServices", "MyReportRestServices\MyReportRestServices.csproj", "{9D84C33A-197E-4B36-BEC3-591D303843C7}"
EndProject
Project("{FAE04EC0-301F-11D3-BF4B-00C04F79EFBC}") = "MyWorkflowRequestManager", "MyWorkflowRequestManager\MyWorkflowRequestManager.csproj", "{8E642D79-DCC3-4BB1-968A-A949FB58149C}"
EndProject
Project("{2150E333-8FDC-42A3-9474-1A3956D46DE8}") = "Solution Items", "Solution Items", "{984CB787-472E-48CA-B2A0-61706D8C1419}"
	ProjectSection(SolutionItems) = preProject
		TextFile1.txt = TextFile1.txt
	EndProjectSection
EndProject
Project("{FAE04EC0-301F-11D3-BF4B-00C04F79EFBC}") = "WpfPersianDatePicker", "WpfPersianDatePicker\WpfPersianDatePicker.csproj", "{6FF02AF8-F08B-45C1-A03A-DF287E90CDD0}"
EndProject
Project("{FAE04EC0-301F-11D3-BF4B-00C04F79EFBC}") = "MyModelCustomSetting", "MyModelCustomSetting\MyModelCustomSetting.csproj", "{0D731FA5-9E13-4565-9DAF-B6A9169F64DB}"
EndProject
Global
	GlobalSection(SolutionConfigurationPlatforms) = preSolution
		Debug|Any CPU = Debug|Any CPU
		Debug|x64 = Debug|x64
		Debug|x86 = Debug|x86
		Release with Code Analysis|Any CPU = Release with Code Analysis|Any CPU
		Release with Code Analysis|x64 = Release with Code Analysis|x64
		Release with Code Analysis|x86 = Release with Code Analysis|x86
		Release|Any CPU = Release|Any CPU
		Release|x64 = Release|x64
		Release|x86 = Release|x86
	EndGlobalSection
	GlobalSection(ProjectConfigurationPlatforms) = postSolution
		{555F97DE-8618-4666-B094-1B200AA16DB3}.Debug|Any CPU.ActiveCfg = Debug|Any CPU
		{555F97DE-8618-4666-B094-1B200AA16DB3}.Debug|Any CPU.Build.0 = Debug|Any CPU
		{555F97DE-8618-4666-B094-1B200AA16DB3}.Debug|x64.ActiveCfg = Debug|Any CPU
		{555F97DE-8618-4666-B094-1B200AA16DB3}.Debug|x86.ActiveCfg = Debug|Any CPU
		{555F97DE-8618-4666-B094-1B200AA16DB3}.Release with Code Analysis|Any CPU.ActiveCfg = Release|Any CPU
		{555F97DE-8618-4666-B094-1B200AA16DB3}.Release with Code Analysis|x64.ActiveCfg = Release|Any CPU
		{555F97DE-8618-4666-B094-1B200AA16DB3}.Release with Code Analysis|x86.ActiveCfg = Release|Any CPU
		{555F97DE-8618-4666-B094-1B200AA16DB3}.Release|Any CPU.ActiveCfg = Release|Any CPU
		{555F97DE-8618-4666-B094-1B200AA16DB3}.Release|Any CPU.Build.0 = Release|Any CPU
		{555F97DE-8618-4666-B094-1B200AA16DB3}.Release|x64.ActiveCfg = Release|Any CPU
		{555F97DE-8618-4666-B094-1B200AA16DB3}.Release|x86.ActiveCfg = Release|Any CPU
		{C01F0A21-457A-4DFC-A623-0ED6CC00AD86}.Debug|Any CPU.ActiveCfg = Debug|Any CPU
		{C01F0A21-457A-4DFC-A623-0ED6CC00AD86}.Debug|Any CPU.Build.0 = Debug|Any CPU
		{C01F0A21-457A-4DFC-A623-0ED6CC00AD86}.Debug|x64.ActiveCfg = Debug|x64
		{C01F0A21-457A-4DFC-A623-0ED6CC00AD86}.Debug|x64.Build.0 = Debug|x64
		{C01F0A21-457A-4DFC-A623-0ED6CC00AD86}.Debug|x86.ActiveCfg = Debug|x86
		{C01F0A21-457A-4DFC-A623-0ED6CC00AD86}.Debug|x86.Build.0 = Debug|x86
		{C01F0A21-457A-4DFC-A623-0ED6CC00AD86}.Release with Code Analysis|Any CPU.ActiveCfg = Release|Any CPU
		{C01F0A21-457A-4DFC-A623-0ED6CC00AD86}.Release with Code Analysis|Any CPU.Build.0 = Release|Any CPU
		{C01F0A21-457A-4DFC-A623-0ED6CC00AD86}.Release with Code Analysis|x64.ActiveCfg = Release|x64
		{C01F0A21-457A-4DFC-A623-0ED6CC00AD86}.Release with Code Analysis|x64.Build.0 = Release|x64
		{C01F0A21-457A-4DFC-A623-0ED6CC00AD86}.Release with Code Analysis|x86.ActiveCfg = Release|x86
		{C01F0A21-457A-4DFC-A623-0ED6CC00AD86}.Release with Code Analysis|x86.Build.0 = Release|x86
		{C01F0A21-457A-4DFC-A623-0ED6CC00AD86}.Release|Any CPU.ActiveCfg = Release|Any CPU
		{C01F0A21-457A-4DFC-A623-0ED6CC00AD86}.Release|Any CPU.Build.0 = Release|Any CPU
		{C01F0A21-457A-4DFC-A623-0ED6CC00AD86}.Release|x64.ActiveCfg = Release|x64
		{C01F0A21-457A-4DFC-A623-0ED6CC00AD86}.Release|x64.Build.0 = Release|x64
		{C01F0A21-457A-4DFC-A623-0ED6CC00AD86}.Release|x86.ActiveCfg = Release|x86
		{C01F0A21-457A-4DFC-A623-0ED6CC00AD86}.Release|x86.Build.0 = Release|x86
		{0BBD2EE2-18E4-4135-A87D-F800DDDDE099}.Debug|Any CPU.ActiveCfg = Debug|Any CPU
		{0BBD2EE2-18E4-4135-A87D-F800DDDDE099}.Debug|Any CPU.Build.0 = Debug|Any CPU
		{0BBD2EE2-18E4-4135-A87D-F800DDDDE099}.Debug|x64.ActiveCfg = Debug|x64
		{0BBD2EE2-18E4-4135-A87D-F800DDDDE099}.Debug|x64.Build.0 = Debug|x64
		{0BBD2EE2-18E4-4135-A87D-F800DDDDE099}.Debug|x86.ActiveCfg = Debug|x86
		{0BBD2EE2-18E4-4135-A87D-F800DDDDE099}.Debug|x86.Build.0 = Debug|x86
		{0BBD2EE2-18E4-4135-A87D-F800DDDDE099}.Release with Code Analysis|Any CPU.ActiveCfg = Release|Any CPU
		{0BBD2EE2-18E4-4135-A87D-F800DDDDE099}.Release with Code Analysis|x64.ActiveCfg = Release|x64
		{0BBD2EE2-18E4-4135-A87D-F800DDDDE099}.Release with Code Analysis|x86.ActiveCfg = Release|x86
		{0BBD2EE2-18E4-4135-A87D-F800DDDDE099}.Release|Any CPU.ActiveCfg = Release|Any CPU
		{0BBD2EE2-18E4-4135-A87D-F800DDDDE099}.Release|Any CPU.Build.0 = Release|Any CPU
		{0BBD2EE2-18E4-4135-A87D-F800DDDDE099}.Release|x64.ActiveCfg = Release|x64
		{0BBD2EE2-18E4-4135-A87D-F800DDDDE099}.Release|x64.Build.0 = Release|x64
		{0BBD2EE2-18E4-4135-A87D-F800DDDDE099}.Release|x86.ActiveCfg = Release|x86
		{0BBD2EE2-18E4-4135-A87D-F800DDDDE099}.Release|x86.Build.0 = Release|x86
		{AD8BA5D8-8F9A-4353-A1DE-9BE0C3CBBC3F}.Debug|Any CPU.ActiveCfg = Debug|Any CPU
		{AD8BA5D8-8F9A-4353-A1DE-9BE0C3CBBC3F}.Debug|Any CPU.Build.0 = Debug|Any CPU
		{AD8BA5D8-8F9A-4353-A1DE-9BE0C3CBBC3F}.Debug|x64.ActiveCfg = Debug|x64
		{AD8BA5D8-8F9A-4353-A1DE-9BE0C3CBBC3F}.Debug|x64.Build.0 = Debug|x64
		{AD8BA5D8-8F9A-4353-A1DE-9BE0C3CBBC3F}.Debug|x86.ActiveCfg = Debug|x86
		{AD8BA5D8-8F9A-4353-A1DE-9BE0C3CBBC3F}.Debug|x86.Build.0 = Debug|x86
		{AD8BA5D8-8F9A-4353-A1DE-9BE0C3CBBC3F}.Release with Code Analysis|Any CPU.ActiveCfg = Release|Any CPU
		{AD8BA5D8-8F9A-4353-A1DE-9BE0C3CBBC3F}.Release with Code Analysis|x64.ActiveCfg = Release|x64
		{AD8BA5D8-8F9A-4353-A1DE-9BE0C3CBBC3F}.Release with Code Analysis|x86.ActiveCfg = Release|x86
		{AD8BA5D8-8F9A-4353-A1DE-9BE0C3CBBC3F}.Release|Any CPU.ActiveCfg = Release|Any CPU
		{AD8BA5D8-8F9A-4353-A1DE-9BE0C3CBBC3F}.Release|Any CPU.Build.0 = Release|Any CPU
		{AD8BA5D8-8F9A-4353-A1DE-9BE0C3CBBC3F}.Release|x64.ActiveCfg = Release|x64
		{AD8BA5D8-8F9A-4353-A1DE-9BE0C3CBBC3F}.Release|x64.Build.0 = Release|x64
		{AD8BA5D8-8F9A-4353-A1DE-9BE0C3CBBC3F}.Release|x86.ActiveCfg = Release|x86
		{AD8BA5D8-8F9A-4353-A1DE-9BE0C3CBBC3F}.Release|x86.Build.0 = Release|x86
		{1CAAD937-7B4F-475C-B489-DB97C6F8AAF2}.Debug|Any CPU.ActiveCfg = Debug|Any CPU
		{1CAAD937-7B4F-475C-B489-DB97C6F8AAF2}.Debug|Any CPU.Build.0 = Debug|Any CPU
		{1CAAD937-7B4F-475C-B489-DB97C6F8AAF2}.Debug|x64.ActiveCfg = Debug|x64
		{1CAAD937-7B4F-475C-B489-DB97C6F8AAF2}.Debug|x64.Build.0 = Debug|x64
		{1CAAD937-7B4F-475C-B489-DB97C6F8AAF2}.Debug|x86.ActiveCfg = Debug|x86
		{1CAAD937-7B4F-475C-B489-DB97C6F8AAF2}.Debug|x86.Build.0 = Debug|x86
		{1CAAD937-7B4F-475C-B489-DB97C6F8AAF2}.Release with Code Analysis|Any CPU.ActiveCfg = Release|Any CPU
		{1CAAD937-7B4F-475C-B489-DB97C6F8AAF2}.Release with Code Analysis|x64.ActiveCfg = Release|x64
		{1CAAD937-7B4F-475C-B489-DB97C6F8AAF2}.Release with Code Analysis|x86.ActiveCfg = Release|x86
		{1CAAD937-7B4F-475C-B489-DB97C6F8AAF2}.Release|Any CPU.ActiveCfg = Release|Any CPU
		{1CAAD937-7B4F-475C-B489-DB97C6F8AAF2}.Release|Any CPU.Build.0 = Release|Any CPU
		{1CAAD937-7B4F-475C-B489-DB97C6F8AAF2}.Release|x64.ActiveCfg = Release|x64
		{1CAAD937-7B4F-475C-B489-DB97C6F8AAF2}.Release|x64.Build.0 = Release|x64
		{1CAAD937-7B4F-475C-B489-DB97C6F8AAF2}.Release|x86.ActiveCfg = Release|x86
		{1CAAD937-7B4F-475C-B489-DB97C6F8AAF2}.Release|x86.Build.0 = Release|x86
		{FE03E933-B20F-4560-ACA1-A38DE76FF8EE}.Debug|Any CPU.ActiveCfg = Debug|Any CPU
		{FE03E933-B20F-4560-ACA1-A38DE76FF8EE}.Debug|Any CPU.Build.0 = Debug|Any CPU
		{FE03E933-B20F-4560-ACA1-A38DE76FF8EE}.Debug|x64.ActiveCfg = Debug|x64
		{FE03E933-B20F-4560-ACA1-A38DE76FF8EE}.Debug|x64.Build.0 = Debug|x64
		{FE03E933-B20F-4560-ACA1-A38DE76FF8EE}.Debug|x86.ActiveCfg = Debug|x86
		{FE03E933-B20F-4560-ACA1-A38DE76FF8EE}.Debug|x86.Build.0 = Debug|x86
		{FE03E933-B20F-4560-ACA1-A38DE76FF8EE}.Release with Code Analysis|Any CPU.ActiveCfg = Release|Any CPU
		{FE03E933-B20F-4560-ACA1-A38DE76FF8EE}.Release with Code Analysis|Any CPU.Build.0 = Release|Any CPU
		{FE03E933-B20F-4560-ACA1-A38DE76FF8EE}.Release with Code Analysis|x64.ActiveCfg = Release|x64
		{FE03E933-B20F-4560-ACA1-A38DE76FF8EE}.Release with Code Analysis|x64.Build.0 = Release|x64
		{FE03E933-B20F-4560-ACA1-A38DE76FF8EE}.Release with Code Analysis|x86.ActiveCfg = Release|x86
		{FE03E933-B20F-4560-ACA1-A38DE76FF8EE}.Release with Code Analysis|x86.Build.0 = Release|x86
		{FE03E933-B20F-4560-ACA1-A38DE76FF8EE}.Release|Any CPU.ActiveCfg = Release|Any CPU
		{FE03E933-B20F-4560-ACA1-A38DE76FF8EE}.Release|Any CPU.Build.0 = Release|Any CPU
		{FE03E933-B20F-4560-ACA1-A38DE76FF8EE}.Release|x64.ActiveCfg = Release|x64
		{FE03E933-B20F-4560-ACA1-A38DE76FF8EE}.Release|x64.Build.0 = Release|x64
		{FE03E933-B20F-4560-ACA1-A38DE76FF8EE}.Release|x86.ActiveCfg = Release|x86
		{FE03E933-B20F-4560-ACA1-A38DE76FF8EE}.Release|x86.Build.0 = Release|x86
		{3175EAFA-138C-4B2B-8EA6-4C09D8C0FA81}.Debug|Any CPU.ActiveCfg = Debug|Any CPU
		{3175EAFA-138C-4B2B-8EA6-4C09D8C0FA81}.Debug|Any CPU.Build.0 = Debug|Any CPU
		{3175EAFA-138C-4B2B-8EA6-4C09D8C0FA81}.Debug|x64.ActiveCfg = Debug|x64
		{3175EAFA-138C-4B2B-8EA6-4C09D8C0FA81}.Debug|x64.Build.0 = Debug|x64
		{3175EAFA-138C-4B2B-8EA6-4C09D8C0FA81}.Debug|x86.ActiveCfg = Debug|x86
		{3175EAFA-138C-4B2B-8EA6-4C09D8C0FA81}.Debug|x86.Build.0 = Debug|x86
		{3175EAFA-138C-4B2B-8EA6-4C09D8C0FA81}.Release with Code Analysis|Any CPU.ActiveCfg = Release|Any CPU
		{3175EAFA-138C-4B2B-8EA6-4C09D8C0FA81}.Release with Code Analysis|Any CPU.Build.0 = Release|Any CPU
		{3175EAFA-138C-4B2B-8EA6-4C09D8C0FA81}.Release with Code Analysis|x64.ActiveCfg = Release|x64
		{3175EAFA-138C-4B2B-8EA6-4C09D8C0FA81}.Release with Code Analysis|x64.Build.0 = Release|x64
		{3175EAFA-138C-4B2B-8EA6-4C09D8C0FA81}.Release with Code Analysis|x86.ActiveCfg = Release|x86
		{3175EAFA-138C-4B2B-8EA6-4C09D8C0FA81}.Release with Code Analysis|x86.Build.0 = Release|x86
		{3175EAFA-138C-4B2B-8EA6-4C09D8C0FA81}.Release|Any CPU.ActiveCfg = Release|Any CPU
		{3175EAFA-138C-4B2B-8EA6-4C09D8C0FA81}.Release|Any CPU.Build.0 = Release|Any CPU
		{3175EAFA-138C-4B2B-8EA6-4C09D8C0FA81}.Release|x64.ActiveCfg = Release|x64
		{3175EAFA-138C-4B2B-8EA6-4C09D8C0FA81}.Release|x64.Build.0 = Release|x64
		{3175EAFA-138C-4B2B-8EA6-4C09D8C0FA81}.Release|x86.ActiveCfg = Release|x86
		{3175EAFA-138C-4B2B-8EA6-4C09D8C0FA81}.Release|x86.Build.0 = Release|x86
		{2AD586DD-C9BE-42D3-8EF7-E9657F992503}.Debug|Any CPU.ActiveCfg = Debug|Any CPU
		{2AD586DD-C9BE-42D3-8EF7-E9657F992503}.Debug|Any CPU.Build.0 = Debug|Any CPU
		{2AD586DD-C9BE-42D3-8EF7-E9657F992503}.Debug|x64.ActiveCfg = Debug|x64
		{2AD586DD-C9BE-42D3-8EF7-E9657F992503}.Debug|x64.Build.0 = Debug|x64
		{2AD586DD-C9BE-42D3-8EF7-E9657F992503}.Debug|x86.ActiveCfg = Debug|x86
		{2AD586DD-C9BE-42D3-8EF7-E9657F992503}.Debug|x86.Build.0 = Debug|x86
		{2AD586DD-C9BE-42D3-8EF7-E9657F992503}.Release with Code Analysis|Any CPU.ActiveCfg = Release|Any CPU
		{2AD586DD-C9BE-42D3-8EF7-E9657F992503}.Release with Code Analysis|Any CPU.Build.0 = Release|Any CPU
		{2AD586DD-C9BE-42D3-8EF7-E9657F992503}.Release with Code Analysis|x64.ActiveCfg = Release|x64
		{2AD586DD-C9BE-42D3-8EF7-E9657F992503}.Release with Code Analysis|x64.Build.0 = Release|x64
		{2AD586DD-C9BE-42D3-8EF7-E9657F992503}.Release with Code Analysis|x86.ActiveCfg = Release|x86
		{2AD586DD-C9BE-42D3-8EF7-E9657F992503}.Release with Code Analysis|x86.Build.0 = Release|x86
		{2AD586DD-C9BE-42D3-8EF7-E9657F992503}.Release|Any CPU.ActiveCfg = Release|Any CPU
		{2AD586DD-C9BE-42D3-8EF7-E9657F992503}.Release|Any CPU.Build.0 = Release|Any CPU
		{2AD586DD-C9BE-42D3-8EF7-E9657F992503}.Release|x64.ActiveCfg = Release|x64
		{2AD586DD-C9BE-42D3-8EF7-E9657F992503}.Release|x64.Build.0 = Release|x64
		{2AD586DD-C9BE-42D3-8EF7-E9657F992503}.Release|x86.ActiveCfg = Release|x86
		{2AD586DD-C9BE-42D3-8EF7-E9657F992503}.Release|x86.Build.0 = Release|x86
		{F1384F0F-3BAC-4461-A987-48F0DC340E90}.Debug|Any CPU.ActiveCfg = Debug|Any CPU
		{F1384F0F-3BAC-4461-A987-48F0DC340E90}.Debug|Any CPU.Build.0 = Debug|Any CPU
		{F1384F0F-3BAC-4461-A987-48F0DC340E90}.Debug|x64.ActiveCfg = Debug|x64
		{F1384F0F-3BAC-4461-A987-48F0DC340E90}.Debug|x64.Build.0 = Debug|x64
		{F1384F0F-3BAC-4461-A987-48F0DC340E90}.Debug|x86.ActiveCfg = Debug|x86
		{F1384F0F-3BAC-4461-A987-48F0DC340E90}.Debug|x86.Build.0 = Debug|x86
		{F1384F0F-3BAC-4461-A987-48F0DC340E90}.Release with Code Analysis|Any CPU.ActiveCfg = Release|Any CPU
		{F1384F0F-3BAC-4461-A987-48F0DC340E90}.Release with Code Analysis|Any CPU.Build.0 = Release|Any CPU
		{F1384F0F-3BAC-4461-A987-48F0DC340E90}.Release with Code Analysis|x64.ActiveCfg = Release|x64
		{F1384F0F-3BAC-4461-A987-48F0DC340E90}.Release with Code Analysis|x64.Build.0 = Release|x64
		{F1384F0F-3BAC-4461-A987-48F0DC340E90}.Release with Code Analysis|x86.ActiveCfg = Release|x86
		{F1384F0F-3BAC-4461-A987-48F0DC340E90}.Release with Code Analysis|x86.Build.0 = Release|x86
		{F1384F0F-3BAC-4461-A987-48F0DC340E90}.Release|Any CPU.ActiveCfg = Release|Any CPU
		{F1384F0F-3BAC-4461-A987-48F0DC340E90}.Release|Any CPU.Build.0 = Release|Any CPU
		{F1384F0F-3BAC-4461-A987-48F0DC340E90}.Release|x64.ActiveCfg = Release|x64
		{F1384F0F-3BAC-4461-A987-48F0DC340E90}.Release|x64.Build.0 = Release|x64
		{F1384F0F-3BAC-4461-A987-48F0DC340E90}.Release|x86.ActiveCfg = Release|x86
		{F1384F0F-3BAC-4461-A987-48F0DC340E90}.Release|x86.Build.0 = Release|x86
		{015494B7-335C-4B3F-B896-278E4FE3B878}.Debug|Any CPU.ActiveCfg = Debug|Any CPU
		{015494B7-335C-4B3F-B896-278E4FE3B878}.Debug|Any CPU.Build.0 = Debug|Any CPU
		{015494B7-335C-4B3F-B896-278E4FE3B878}.Debug|x64.ActiveCfg = Debug|x64
		{015494B7-335C-4B3F-B896-278E4FE3B878}.Debug|x64.Build.0 = Debug|x64
		{015494B7-335C-4B3F-B896-278E4FE3B878}.Debug|x86.ActiveCfg = Debug|x86
		{015494B7-335C-4B3F-B896-278E4FE3B878}.Debug|x86.Build.0 = Debug|x86
		{015494B7-335C-4B3F-B896-278E4FE3B878}.Release with Code Analysis|Any CPU.ActiveCfg = Release|Any CPU
		{015494B7-335C-4B3F-B896-278E4FE3B878}.Release with Code Analysis|Any CPU.Build.0 = Release|Any CPU
		{015494B7-335C-4B3F-B896-278E4FE3B878}.Release with Code Analysis|x64.ActiveCfg = Release|x64
		{015494B7-335C-4B3F-B896-278E4FE3B878}.Release with Code Analysis|x64.Build.0 = Release|x64
		{015494B7-335C-4B3F-B896-278E4FE3B878}.Release with Code Analysis|x86.ActiveCfg = Release|x86
		{015494B7-335C-4B3F-B896-278E4FE3B878}.Release with Code Analysis|x86.Build.0 = Release|x86
		{015494B7-335C-4B3F-B896-278E4FE3B878}.Release|Any CPU.ActiveCfg = Release|Any CPU
		{015494B7-335C-4B3F-B896-278E4FE3B878}.Release|Any CPU.Build.0 = Release|Any CPU
		{015494B7-335C-4B3F-B896-278E4FE3B878}.Release|x64.ActiveCfg = Release|x64
		{015494B7-335C-4B3F-B896-278E4FE3B878}.Release|x64.Build.0 = Release|x64
		{015494B7-335C-4B3F-B896-278E4FE3B878}.Release|x86.ActiveCfg = Release|x86
		{015494B7-335C-4B3F-B896-278E4FE3B878}.Release|x86.Build.0 = Release|x86
		{878D3665-BE5E-401F-A859-C81D3406E5C7}.Debug|Any CPU.ActiveCfg = Debug|Any CPU
		{878D3665-BE5E-401F-A859-C81D3406E5C7}.Debug|Any CPU.Build.0 = Debug|Any CPU
		{878D3665-BE5E-401F-A859-C81D3406E5C7}.Debug|x64.ActiveCfg = Debug|x64
		{878D3665-BE5E-401F-A859-C81D3406E5C7}.Debug|x64.Build.0 = Debug|x64
		{878D3665-BE5E-401F-A859-C81D3406E5C7}.Debug|x86.ActiveCfg = Debug|x86
		{878D3665-BE5E-401F-A859-C81D3406E5C7}.Debug|x86.Build.0 = Debug|x86
		{878D3665-BE5E-401F-A859-C81D3406E5C7}.Release with Code Analysis|Any CPU.ActiveCfg = Release|Any CPU
		{878D3665-BE5E-401F-A859-C81D3406E5C7}.Release with Code Analysis|Any CPU.Build.0 = Release|Any CPU
		{878D3665-BE5E-401F-A859-C81D3406E5C7}.Release with Code Analysis|x64.ActiveCfg = Release|x64
		{878D3665-BE5E-401F-A859-C81D3406E5C7}.Release with Code Analysis|x64.Build.0 = Release|x64
		{878D3665-BE5E-401F-A859-C81D3406E5C7}.Release with Code Analysis|x86.ActiveCfg = Release|x86
		{878D3665-BE5E-401F-A859-C81D3406E5C7}.Release with Code Analysis|x86.Build.0 = Release|x86
		{878D3665-BE5E-401F-A859-C81D3406E5C7}.Release|Any CPU.ActiveCfg = Release|Any CPU
		{878D3665-BE5E-401F-A859-C81D3406E5C7}.Release|Any CPU.Build.0 = Release|Any CPU
		{878D3665-BE5E-401F-A859-C81D3406E5C7}.Release|x64.ActiveCfg = Release|x64
		{878D3665-BE5E-401F-A859-C81D3406E5C7}.Release|x64.Build.0 = Release|x64
		{878D3665-BE5E-401F-A859-C81D3406E5C7}.Release|x86.ActiveCfg = Release|x86
		{878D3665-BE5E-401F-A859-C81D3406E5C7}.Release|x86.Build.0 = Release|x86
		{807F51A0-3A82-4CD6-ADEF-397621AAC22B}.Debug|Any CPU.ActiveCfg = Debug|Any CPU
		{807F51A0-3A82-4CD6-ADEF-397621AAC22B}.Debug|Any CPU.Build.0 = Debug|Any CPU
		{807F51A0-3A82-4CD6-ADEF-397621AAC22B}.Debug|x64.ActiveCfg = Debug|x64
		{807F51A0-3A82-4CD6-ADEF-397621AAC22B}.Debug|x64.Build.0 = Debug|x64
		{807F51A0-3A82-4CD6-ADEF-397621AAC22B}.Debug|x86.ActiveCfg = Debug|x86
		{807F51A0-3A82-4CD6-ADEF-397621AAC22B}.Debug|x86.Build.0 = Debug|x86
		{807F51A0-3A82-4CD6-ADEF-397621AAC22B}.Release with Code Analysis|Any CPU.ActiveCfg = Release|Any CPU
		{807F51A0-3A82-4CD6-ADEF-397621AAC22B}.Release with Code Analysis|Any CPU.Build.0 = Release|Any CPU
		{807F51A0-3A82-4CD6-ADEF-397621AAC22B}.Release with Code Analysis|x64.ActiveCfg = Release|x64
		{807F51A0-3A82-4CD6-ADEF-397621AAC22B}.Release with Code Analysis|x64.Build.0 = Release|x64
		{807F51A0-3A82-4CD6-ADEF-397621AAC22B}.Release with Code Analysis|x86.ActiveCfg = Release|x86
		{807F51A0-3A82-4CD6-ADEF-397621AAC22B}.Release with Code Analysis|x86.Build.0 = Release|x86
		{807F51A0-3A82-4CD6-ADEF-397621AAC22B}.Release|Any CPU.ActiveCfg = Release|Any CPU
		{807F51A0-3A82-4CD6-ADEF-397621AAC22B}.Release|Any CPU.Build.0 = Release|Any CPU
		{807F51A0-3A82-4CD6-ADEF-397621AAC22B}.Release|x64.ActiveCfg = Release|x64
		{807F51A0-3A82-4CD6-ADEF-397621AAC22B}.Release|x64.Build.0 = Release|x64
		{807F51A0-3A82-4CD6-ADEF-397621AAC22B}.Release|x86.ActiveCfg = Release|x86
		{807F51A0-3A82-4CD6-ADEF-397621AAC22B}.Release|x86.Build.0 = Release|x86
		{C85C5486-CA1A-4963-8594-C85E441CEBC2}.Debug|Any CPU.ActiveCfg = Debug|Any CPU
		{C85C5486-CA1A-4963-8594-C85E441CEBC2}.Debug|Any CPU.Build.0 = Debug|Any CPU
		{C85C5486-CA1A-4963-8594-C85E441CEBC2}.Debug|x64.ActiveCfg = Debug|x64
		{C85C5486-CA1A-4963-8594-C85E441CEBC2}.Debug|x64.Build.0 = Debug|x64
		{C85C5486-CA1A-4963-8594-C85E441CEBC2}.Debug|x86.ActiveCfg = Debug|x86
		{C85C5486-CA1A-4963-8594-C85E441CEBC2}.Debug|x86.Build.0 = Debug|x86
		{C85C5486-CA1A-4963-8594-C85E441CEBC2}.Release with Code Analysis|Any CPU.ActiveCfg = Release|Any CPU
		{C85C5486-CA1A-4963-8594-C85E441CEBC2}.Release with Code Analysis|Any CPU.Build.0 = Release|Any CPU
		{C85C5486-CA1A-4963-8594-C85E441CEBC2}.Release with Code Analysis|x64.ActiveCfg = Release|x64
		{C85C5486-CA1A-4963-8594-C85E441CEBC2}.Release with Code Analysis|x64.Build.0 = Release|x64
		{C85C5486-CA1A-4963-8594-C85E441CEBC2}.Release with Code Analysis|x86.ActiveCfg = Release|x86
		{C85C5486-CA1A-4963-8594-C85E441CEBC2}.Release with Code Analysis|x86.Build.0 = Release|x86
		{C85C5486-CA1A-4963-8594-C85E441CEBC2}.Release|Any CPU.ActiveCfg = Release|Any CPU
		{C85C5486-CA1A-4963-8594-C85E441CEBC2}.Release|Any CPU.Build.0 = Release|Any CPU
		{C85C5486-CA1A-4963-8594-C85E441CEBC2}.Release|x64.ActiveCfg = Release|x64
		{C85C5486-CA1A-4963-8594-C85E441CEBC2}.Release|x64.Build.0 = Release|x64
		{C85C5486-CA1A-4963-8594-C85E441CEBC2}.Release|x86.ActiveCfg = Release|x86
		{C85C5486-CA1A-4963-8594-C85E441CEBC2}.Release|x86.Build.0 = Release|x86
		{3A828530-4845-4D05-B809-A3812AC4B26A}.Debug|Any CPU.ActiveCfg = Debug|Any CPU
		{3A828530-4845-4D05-B809-A3812AC4B26A}.Debug|Any CPU.Build.0 = Debug|Any CPU
		{3A828530-4845-4D05-B809-A3812AC4B26A}.Debug|x64.ActiveCfg = Debug|Any CPU
		{3A828530-4845-4D05-B809-A3812AC4B26A}.Debug|x86.ActiveCfg = Debug|Any CPU
		{3A828530-4845-4D05-B809-A3812AC4B26A}.Release with Code Analysis|Any CPU.ActiveCfg = Release|Any CPU
		{3A828530-4845-4D05-B809-A3812AC4B26A}.Release with Code Analysis|Any CPU.Build.0 = Release|Any CPU
		{3A828530-4845-4D05-B809-A3812AC4B26A}.Release with Code Analysis|x64.ActiveCfg = Release|Any CPU
		{3A828530-4845-4D05-B809-A3812AC4B26A}.Release with Code Analysis|x64.Build.0 = Release|Any CPU
		{3A828530-4845-4D05-B809-A3812AC4B26A}.Release with Code Analysis|x86.ActiveCfg = Release|Any CPU
		{3A828530-4845-4D05-B809-A3812AC4B26A}.Release with Code Analysis|x86.Build.0 = Release|Any CPU
		{3A828530-4845-4D05-B809-A3812AC4B26A}.Release|Any CPU.ActiveCfg = Release|Any CPU
		{3A828530-4845-4D05-B809-A3812AC4B26A}.Release|Any CPU.Build.0 = Release|Any CPU
		{3A828530-4845-4D05-B809-A3812AC4B26A}.Release|x64.ActiveCfg = Release|Any CPU
		{3A828530-4845-4D05-B809-A3812AC4B26A}.Release|x86.ActiveCfg = Release|Any CPU
		{6F52D329-3BDD-4A8A-BB6E-5FE5A118E3BE}.Debug|Any CPU.ActiveCfg = Debug|Any CPU
		{6F52D329-3BDD-4A8A-BB6E-5FE5A118E3BE}.Debug|Any CPU.Build.0 = Debug|Any CPU
		{6F52D329-3BDD-4A8A-BB6E-5FE5A118E3BE}.Debug|x64.ActiveCfg = Debug|Any CPU
		{6F52D329-3BDD-4A8A-BB6E-5FE5A118E3BE}.Debug|x86.ActiveCfg = Debug|Any CPU
		{6F52D329-3BDD-4A8A-BB6E-5FE5A118E3BE}.Release with Code Analysis|Any CPU.ActiveCfg = Release|Any CPU
		{6F52D329-3BDD-4A8A-BB6E-5FE5A118E3BE}.Release with Code Analysis|Any CPU.Build.0 = Release|Any CPU
		{6F52D329-3BDD-4A8A-BB6E-5FE5A118E3BE}.Release with Code Analysis|x64.ActiveCfg = Release|Any CPU
		{6F52D329-3BDD-4A8A-BB6E-5FE5A118E3BE}.Release with Code Analysis|x64.Build.0 = Release|Any CPU
		{6F52D329-3BDD-4A8A-BB6E-5FE5A118E3BE}.Release with Code Analysis|x86.ActiveCfg = Release|Any CPU
		{6F52D329-3BDD-4A8A-BB6E-5FE5A118E3BE}.Release with Code Analysis|x86.Build.0 = Release|Any CPU
		{6F52D329-3BDD-4A8A-BB6E-5FE5A118E3BE}.Release|Any CPU.ActiveCfg = Release|Any CPU
		{6F52D329-3BDD-4A8A-BB6E-5FE5A118E3BE}.Release|Any CPU.Build.0 = Release|Any CPU
		{6F52D329-3BDD-4A8A-BB6E-5FE5A118E3BE}.Release|x64.ActiveCfg = Release|Any CPU
		{6F52D329-3BDD-4A8A-BB6E-5FE5A118E3BE}.Release|x86.ActiveCfg = Release|Any CPU
		{27638591-E3A9-4697-87C5-19C33E24A658}.Debug|Any CPU.ActiveCfg = Debug|Any CPU
		{27638591-E3A9-4697-87C5-19C33E24A658}.Debug|Any CPU.Build.0 = Debug|Any CPU
		{27638591-E3A9-4697-87C5-19C33E24A658}.Debug|x64.ActiveCfg = Debug|Any CPU
		{27638591-E3A9-4697-87C5-19C33E24A658}.Debug|x64.Build.0 = Debug|Any CPU
		{27638591-E3A9-4697-87C5-19C33E24A658}.Debug|x86.ActiveCfg = Debug|Any CPU
		{27638591-E3A9-4697-87C5-19C33E24A658}.Debug|x86.Build.0 = Debug|Any CPU
		{27638591-E3A9-4697-87C5-19C33E24A658}.Release with Code Analysis|Any CPU.ActiveCfg = Release|Any CPU
		{27638591-E3A9-4697-87C5-19C33E24A658}.Release with Code Analysis|Any CPU.Build.0 = Release|Any CPU
		{27638591-E3A9-4697-87C5-19C33E24A658}.Release with Code Analysis|x64.ActiveCfg = Release|Any CPU
		{27638591-E3A9-4697-87C5-19C33E24A658}.Release with Code Analysis|x64.Build.0 = Release|Any CPU
		{27638591-E3A9-4697-87C5-19C33E24A658}.Release with Code Analysis|x86.ActiveCfg = Release|Any CPU
		{27638591-E3A9-4697-87C5-19C33E24A658}.Release with Code Analysis|x86.Build.0 = Release|Any CPU
		{27638591-E3A9-4697-87C5-19C33E24A658}.Release|Any CPU.ActiveCfg = Release|Any CPU
		{27638591-E3A9-4697-87C5-19C33E24A658}.Release|Any CPU.Build.0 = Release|Any CPU
		{27638591-E3A9-4697-87C5-19C33E24A658}.Release|x64.ActiveCfg = Release|Any CPU
		{27638591-E3A9-4697-87C5-19C33E24A658}.Release|x64.Build.0 = Release|Any CPU
		{27638591-E3A9-4697-87C5-19C33E24A658}.Release|x86.ActiveCfg = Release|Any CPU
		{27638591-E3A9-4697-87C5-19C33E24A658}.Release|x86.Build.0 = Release|Any CPU
		{D1C98A55-D403-45BB-B06F-63482DE541F3}.Debug|Any CPU.ActiveCfg = Debug|Any CPU
		{D1C98A55-D403-45BB-B06F-63482DE541F3}.Debug|Any CPU.Build.0 = Debug|Any CPU
		{D1C98A55-D403-45BB-B06F-63482DE541F3}.Debug|x64.ActiveCfg = Debug|Any CPU
		{D1C98A55-D403-45BB-B06F-63482DE541F3}.Debug|x64.Build.0 = Debug|Any CPU
		{D1C98A55-D403-45BB-B06F-63482DE541F3}.Debug|x86.ActiveCfg = Debug|Any CPU
		{D1C98A55-D403-45BB-B06F-63482DE541F3}.Debug|x86.Build.0 = Debug|Any CPU
		{D1C98A55-D403-45BB-B06F-63482DE541F3}.Release with Code Analysis|Any CPU.ActiveCfg = Release|Any CPU
		{D1C98A55-D403-45BB-B06F-63482DE541F3}.Release with Code Analysis|Any CPU.Build.0 = Release|Any CPU
		{D1C98A55-D403-45BB-B06F-63482DE541F3}.Release with Code Analysis|x64.ActiveCfg = Release|Any CPU
		{D1C98A55-D403-45BB-B06F-63482DE541F3}.Release with Code Analysis|x64.Build.0 = Release|Any CPU
		{D1C98A55-D403-45BB-B06F-63482DE541F3}.Release with Code Analysis|x86.ActiveCfg = Release|Any CPU
		{D1C98A55-D403-45BB-B06F-63482DE541F3}.Release with Code Analysis|x86.Build.0 = Release|Any CPU
		{D1C98A55-D403-45BB-B06F-63482DE541F3}.Release|Any CPU.ActiveCfg = Release|Any CPU
		{D1C98A55-D403-45BB-B06F-63482DE541F3}.Release|Any CPU.Build.0 = Release|Any CPU
		{D1C98A55-D403-45BB-B06F-63482DE541F3}.Release|x64.ActiveCfg = Release|Any CPU
		{D1C98A55-D403-45BB-B06F-63482DE541F3}.Release|x64.Build.0 = Release|Any CPU
		{D1C98A55-D403-45BB-B06F-63482DE541F3}.Release|x86.ActiveCfg = Release|Any CPU
		{D1C98A55-D403-45BB-B06F-63482DE541F3}.Release|x86.Build.0 = Release|Any CPU
		{8ABC6369-3F6E-40FB-A354-5106930CB07C}.Debug|Any CPU.ActiveCfg = Debug|Any CPU
		{8ABC6369-3F6E-40FB-A354-5106930CB07C}.Debug|Any CPU.Build.0 = Debug|Any CPU
		{8ABC6369-3F6E-40FB-A354-5106930CB07C}.Debug|x64.ActiveCfg = Debug|Any CPU
		{8ABC6369-3F6E-40FB-A354-5106930CB07C}.Debug|x64.Build.0 = Debug|Any CPU
		{8ABC6369-3F6E-40FB-A354-5106930CB07C}.Debug|x86.ActiveCfg = Debug|Any CPU
		{8ABC6369-3F6E-40FB-A354-5106930CB07C}.Debug|x86.Build.0 = Debug|Any CPU
		{8ABC6369-3F6E-40FB-A354-5106930CB07C}.Release with Code Analysis|Any CPU.ActiveCfg = Release|Any CPU
		{8ABC6369-3F6E-40FB-A354-5106930CB07C}.Release with Code Analysis|Any CPU.Build.0 = Release|Any CPU
		{8ABC6369-3F6E-40FB-A354-5106930CB07C}.Release with Code Analysis|x64.ActiveCfg = Release|Any CPU
		{8ABC6369-3F6E-40FB-A354-5106930CB07C}.Release with Code Analysis|x64.Build.0 = Release|Any CPU
		{8ABC6369-3F6E-40FB-A354-5106930CB07C}.Release with Code Analysis|x86.ActiveCfg = Release|Any CPU
		{8ABC6369-3F6E-40FB-A354-5106930CB07C}.Release with Code Analysis|x86.Build.0 = Release|Any CPU
		{8ABC6369-3F6E-40FB-A354-5106930CB07C}.Release|Any CPU.ActiveCfg = Release|Any CPU
		{8ABC6369-3F6E-40FB-A354-5106930CB07C}.Release|Any CPU.Build.0 = Release|Any CPU
		{8ABC6369-3F6E-40FB-A354-5106930CB07C}.Release|x64.ActiveCfg = Release|Any CPU
		{8ABC6369-3F6E-40FB-A354-5106930CB07C}.Release|x64.Build.0 = Release|Any CPU
		{8ABC6369-3F6E-40FB-A354-5106930CB07C}.Release|x86.ActiveCfg = Release|Any CPU
		{8ABC6369-3F6E-40FB-A354-5106930CB07C}.Release|x86.Build.0 = Release|Any CPU
		{0286E910-498B-4A14-ABDA-8CFC0E2C0CF9}.Debug|Any CPU.ActiveCfg = Debug|Any CPU
		{0286E910-498B-4A14-ABDA-8CFC0E2C0CF9}.Debug|Any CPU.Build.0 = Debug|Any CPU
		{0286E910-498B-4A14-ABDA-8CFC0E2C0CF9}.Debug|x64.ActiveCfg = Debug|Any CPU
		{0286E910-498B-4A14-ABDA-8CFC0E2C0CF9}.Debug|x64.Build.0 = Debug|Any CPU
		{0286E910-498B-4A14-ABDA-8CFC0E2C0CF9}.Debug|x86.ActiveCfg = Debug|Any CPU
		{0286E910-498B-4A14-ABDA-8CFC0E2C0CF9}.Debug|x86.Build.0 = Debug|Any CPU
		{0286E910-498B-4A14-ABDA-8CFC0E2C0CF9}.Release with Code Analysis|Any CPU.ActiveCfg = Release|Any CPU
		{0286E910-498B-4A14-ABDA-8CFC0E2C0CF9}.Release with Code Analysis|Any CPU.Build.0 = Release|Any CPU
		{0286E910-498B-4A14-ABDA-8CFC0E2C0CF9}.Release with Code Analysis|x64.ActiveCfg = Release|Any CPU
		{0286E910-498B-4A14-ABDA-8CFC0E2C0CF9}.Release with Code Analysis|x64.Build.0 = Release|Any CPU
		{0286E910-498B-4A14-ABDA-8CFC0E2C0CF9}.Release with Code Analysis|x86.ActiveCfg = Release|Any CPU
		{0286E910-498B-4A14-ABDA-8CFC0E2C0CF9}.Release with Code Analysis|x86.Build.0 = Release|Any CPU
		{0286E910-498B-4A14-ABDA-8CFC0E2C0CF9}.Release|Any CPU.ActiveCfg = Release|Any CPU
		{0286E910-498B-4A14-ABDA-8CFC0E2C0CF9}.Release|Any CPU.Build.0 = Release|Any CPU
		{0286E910-498B-4A14-ABDA-8CFC0E2C0CF9}.Release|x64.ActiveCfg = Release|Any CPU
		{0286E910-498B-4A14-ABDA-8CFC0E2C0CF9}.Release|x64.Build.0 = Release|Any CPU
		{0286E910-498B-4A14-ABDA-8CFC0E2C0CF9}.Release|x86.ActiveCfg = Release|Any CPU
		{0286E910-498B-4A14-ABDA-8CFC0E2C0CF9}.Release|x86.Build.0 = Release|Any CPU
		{C384C65C-05C3-4E36-84D2-D9551745E91E}.Debug|Any CPU.ActiveCfg = Debug|Any CPU
		{C384C65C-05C3-4E36-84D2-D9551745E91E}.Debug|Any CPU.Build.0 = Debug|Any CPU
		{C384C65C-05C3-4E36-84D2-D9551745E91E}.Debug|x64.ActiveCfg = Debug|Any CPU
		{C384C65C-05C3-4E36-84D2-D9551745E91E}.Debug|x64.Build.0 = Debug|Any CPU
		{C384C65C-05C3-4E36-84D2-D9551745E91E}.Debug|x86.ActiveCfg = Debug|Any CPU
		{C384C65C-05C3-4E36-84D2-D9551745E91E}.Debug|x86.Build.0 = Debug|Any CPU
		{C384C65C-05C3-4E36-84D2-D9551745E91E}.Release with Code Analysis|Any CPU.ActiveCfg = Release|Any CPU
		{C384C65C-05C3-4E36-84D2-D9551745E91E}.Release with Code Analysis|Any CPU.Build.0 = Release|Any CPU
		{C384C65C-05C3-4E36-84D2-D9551745E91E}.Release with Code Analysis|x64.ActiveCfg = Release|Any CPU
		{C384C65C-05C3-4E36-84D2-D9551745E91E}.Release with Code Analysis|x64.Build.0 = Release|Any CPU
		{C384C65C-05C3-4E36-84D2-D9551745E91E}.Release with Code Analysis|x86.ActiveCfg = Release|Any CPU
		{C384C65C-05C3-4E36-84D2-D9551745E91E}.Release with Code Analysis|x86.Build.0 = Release|Any CPU
		{C384C65C-05C3-4E36-84D2-D9551745E91E}.Release|Any CPU.ActiveCfg = Release|Any CPU
		{C384C65C-05C3-4E36-84D2-D9551745E91E}.Release|Any CPU.Build.0 = Release|Any CPU
		{C384C65C-05C3-4E36-84D2-D9551745E91E}.Release|x64.ActiveCfg = Release|Any CPU
		{C384C65C-05C3-4E36-84D2-D9551745E91E}.Release|x64.Build.0 = Release|Any CPU
		{C384C65C-05C3-4E36-84D2-D9551745E91E}.Release|x86.ActiveCfg = Release|Any CPU
		{C384C65C-05C3-4E36-84D2-D9551745E91E}.Release|x86.Build.0 = Release|Any CPU
		{BD833980-A9AD-4889-A9B0-23A0EFCFEA80}.Debug|Any CPU.ActiveCfg = Debug|Any CPU
		{BD833980-A9AD-4889-A9B0-23A0EFCFEA80}.Debug|Any CPU.Build.0 = Debug|Any CPU
		{BD833980-A9AD-4889-A9B0-23A0EFCFEA80}.Debug|x64.ActiveCfg = Debug|Any CPU
		{BD833980-A9AD-4889-A9B0-23A0EFCFEA80}.Debug|x64.Build.0 = Debug|Any CPU
		{BD833980-A9AD-4889-A9B0-23A0EFCFEA80}.Debug|x86.ActiveCfg = Debug|Any CPU
		{BD833980-A9AD-4889-A9B0-23A0EFCFEA80}.Debug|x86.Build.0 = Debug|Any CPU
		{BD833980-A9AD-4889-A9B0-23A0EFCFEA80}.Release with Code Analysis|Any CPU.ActiveCfg = Release|Any CPU
		{BD833980-A9AD-4889-A9B0-23A0EFCFEA80}.Release with Code Analysis|Any CPU.Build.0 = Release|Any CPU
		{BD833980-A9AD-4889-A9B0-23A0EFCFEA80}.Release with Code Analysis|x64.ActiveCfg = Release|Any CPU
		{BD833980-A9AD-4889-A9B0-23A0EFCFEA80}.Release with Code Analysis|x64.Build.0 = Release|Any CPU
		{BD833980-A9AD-4889-A9B0-23A0EFCFEA80}.Release with Code Analysis|x86.ActiveCfg = Release|Any CPU
		{BD833980-A9AD-4889-A9B0-23A0EFCFEA80}.Release with Code Analysis|x86.Build.0 = Release|Any CPU
		{BD833980-A9AD-4889-A9B0-23A0EFCFEA80}.Release|Any CPU.ActiveCfg = Release|Any CPU
		{BD833980-A9AD-4889-A9B0-23A0EFCFEA80}.Release|Any CPU.Build.0 = Release|Any CPU
		{BD833980-A9AD-4889-A9B0-23A0EFCFEA80}.Release|x64.ActiveCfg = Release|Any CPU
		{BD833980-A9AD-4889-A9B0-23A0EFCFEA80}.Release|x64.Build.0 = Release|Any CPU
		{BD833980-A9AD-4889-A9B0-23A0EFCFEA80}.Release|x86.ActiveCfg = Release|Any CPU
		{BD833980-A9AD-4889-A9B0-23A0EFCFEA80}.Release|x86.Build.0 = Release|Any CPU
		{518BDF6D-0AD2-44DD-945D-DCF74BB4A055}.Debug|Any CPU.ActiveCfg = Debug|Any CPU
		{518BDF6D-0AD2-44DD-945D-DCF74BB4A055}.Debug|Any CPU.Build.0 = Debug|Any CPU
		{518BDF6D-0AD2-44DD-945D-DCF74BB4A055}.Debug|x64.ActiveCfg = Debug|Any CPU
		{518BDF6D-0AD2-44DD-945D-DCF74BB4A055}.Debug|x64.Build.0 = Debug|Any CPU
		{518BDF6D-0AD2-44DD-945D-DCF74BB4A055}.Debug|x86.ActiveCfg = Debug|Any CPU
		{518BDF6D-0AD2-44DD-945D-DCF74BB4A055}.Debug|x86.Build.0 = Debug|Any CPU
		{518BDF6D-0AD2-44DD-945D-DCF74BB4A055}.Release with Code Analysis|Any CPU.ActiveCfg = Release|Any CPU
		{518BDF6D-0AD2-44DD-945D-DCF74BB4A055}.Release with Code Analysis|Any CPU.Build.0 = Release|Any CPU
		{518BDF6D-0AD2-44DD-945D-DCF74BB4A055}.Release with Code Analysis|x64.ActiveCfg = Release|Any CPU
		{518BDF6D-0AD2-44DD-945D-DCF74BB4A055}.Release with Code Analysis|x64.Build.0 = Release|Any CPU
		{518BDF6D-0AD2-44DD-945D-DCF74BB4A055}.Release with Code Analysis|x86.ActiveCfg = Release|Any CPU
		{518BDF6D-0AD2-44DD-945D-DCF74BB4A055}.Release with Code Analysis|x86.Build.0 = Release|Any CPU
		{518BDF6D-0AD2-44DD-945D-DCF74BB4A055}.Release|Any CPU.ActiveCfg = Release|Any CPU
		{518BDF6D-0AD2-44DD-945D-DCF74BB4A055}.Release|Any CPU.Build.0 = Release|Any CPU
		{518BDF6D-0AD2-44DD-945D-DCF74BB4A055}.Release|x64.ActiveCfg = Release|Any CPU
		{518BDF6D-0AD2-44DD-945D-DCF74BB4A055}.Release|x64.Build.0 = Release|Any CPU
		{518BDF6D-0AD2-44DD-945D-DCF74BB4A055}.Release|x86.ActiveCfg = Release|Any CPU
		{518BDF6D-0AD2-44DD-945D-DCF74BB4A055}.Release|x86.Build.0 = Release|Any CPU
		{CCDA9778-DC4A-4E22-BBD0-68BDED623625}.Debug|Any CPU.ActiveCfg = Debug|Any CPU
		{CCDA9778-DC4A-4E22-BBD0-68BDED623625}.Debug|Any CPU.Build.0 = Debug|Any CPU
		{CCDA9778-DC4A-4E22-BBD0-68BDED623625}.Debug|x64.ActiveCfg = Debug|Any CPU
		{CCDA9778-DC4A-4E22-BBD0-68BDED623625}.Debug|x64.Build.0 = Debug|Any CPU
		{CCDA9778-DC4A-4E22-BBD0-68BDED623625}.Debug|x86.ActiveCfg = Debug|Any CPU
		{CCDA9778-DC4A-4E22-BBD0-68BDED623625}.Debug|x86.Build.0 = Debug|Any CPU
		{CCDA9778-DC4A-4E22-BBD0-68BDED623625}.Release with Code Analysis|Any CPU.ActiveCfg = Release|Any CPU
		{CCDA9778-DC4A-4E22-BBD0-68BDED623625}.Release with Code Analysis|Any CPU.Build.0 = Release|Any CPU
		{CCDA9778-DC4A-4E22-BBD0-68BDED623625}.Release with Code Analysis|x64.ActiveCfg = Release|Any CPU
		{CCDA9778-DC4A-4E22-BBD0-68BDED623625}.Release with Code Analysis|x64.Build.0 = Release|Any CPU
		{CCDA9778-DC4A-4E22-BBD0-68BDED623625}.Release with Code Analysis|x86.ActiveCfg = Release|Any CPU
		{CCDA9778-DC4A-4E22-BBD0-68BDED623625}.Release with Code Analysis|x86.Build.0 = Release|Any CPU
		{CCDA9778-DC4A-4E22-BBD0-68BDED623625}.Release|Any CPU.ActiveCfg = Release|Any CPU
		{CCDA9778-DC4A-4E22-BBD0-68BDED623625}.Release|Any CPU.Build.0 = Release|Any CPU
		{CCDA9778-DC4A-4E22-BBD0-68BDED623625}.Release|x64.ActiveCfg = Release|Any CPU
		{CCDA9778-DC4A-4E22-BBD0-68BDED623625}.Release|x64.Build.0 = Release|Any CPU
		{CCDA9778-DC4A-4E22-BBD0-68BDED623625}.Release|x86.ActiveCfg = Release|Any CPU
		{CCDA9778-DC4A-4E22-BBD0-68BDED623625}.Release|x86.Build.0 = Release|Any CPU
		{867C4746-8C02-458D-9A5D-28B60FB88E18}.Debug|Any CPU.ActiveCfg = Debug|Any CPU
		{867C4746-8C02-458D-9A5D-28B60FB88E18}.Debug|Any CPU.Build.0 = Debug|Any CPU
		{867C4746-8C02-458D-9A5D-28B60FB88E18}.Debug|x64.ActiveCfg = Debug|Any CPU
		{867C4746-8C02-458D-9A5D-28B60FB88E18}.Debug|x64.Build.0 = Debug|Any CPU
		{867C4746-8C02-458D-9A5D-28B60FB88E18}.Debug|x86.ActiveCfg = Debug|Any CPU
		{867C4746-8C02-458D-9A5D-28B60FB88E18}.Debug|x86.Build.0 = Debug|Any CPU
		{867C4746-8C02-458D-9A5D-28B60FB88E18}.Release with Code Analysis|Any CPU.ActiveCfg = Release|Any CPU
		{867C4746-8C02-458D-9A5D-28B60FB88E18}.Release with Code Analysis|Any CPU.Build.0 = Release|Any CPU
		{867C4746-8C02-458D-9A5D-28B60FB88E18}.Release with Code Analysis|x64.ActiveCfg = Release|Any CPU
		{867C4746-8C02-458D-9A5D-28B60FB88E18}.Release with Code Analysis|x64.Build.0 = Release|Any CPU
		{867C4746-8C02-458D-9A5D-28B60FB88E18}.Release with Code Analysis|x86.ActiveCfg = Release|Any CPU
		{867C4746-8C02-458D-9A5D-28B60FB88E18}.Release with Code Analysis|x86.Build.0 = Release|Any CPU
		{867C4746-8C02-458D-9A5D-28B60FB88E18}.Release|Any CPU.ActiveCfg = Release|Any CPU
		{867C4746-8C02-458D-9A5D-28B60FB88E18}.Release|Any CPU.Build.0 = Release|Any CPU
		{867C4746-8C02-458D-9A5D-28B60FB88E18}.Release|x64.ActiveCfg = Release|Any CPU
		{867C4746-8C02-458D-9A5D-28B60FB88E18}.Release|x64.Build.0 = Release|Any CPU
		{867C4746-8C02-458D-9A5D-28B60FB88E18}.Release|x86.ActiveCfg = Release|Any CPU
		{867C4746-8C02-458D-9A5D-28B60FB88E18}.Release|x86.Build.0 = Release|Any CPU
		{BB4870CD-5A28-474C-A513-491AF655988F}.Debug|Any CPU.ActiveCfg = Debug|Any CPU
		{BB4870CD-5A28-474C-A513-491AF655988F}.Debug|Any CPU.Build.0 = Debug|Any CPU
		{BB4870CD-5A28-474C-A513-491AF655988F}.Debug|x64.ActiveCfg = Debug|Any CPU
		{BB4870CD-5A28-474C-A513-491AF655988F}.Debug|x64.Build.0 = Debug|Any CPU
		{BB4870CD-5A28-474C-A513-491AF655988F}.Debug|x86.ActiveCfg = Debug|Any CPU
		{BB4870CD-5A28-474C-A513-491AF655988F}.Debug|x86.Build.0 = Debug|Any CPU
		{BB4870CD-5A28-474C-A513-491AF655988F}.Release with Code Analysis|Any CPU.ActiveCfg = Release|Any CPU
		{BB4870CD-5A28-474C-A513-491AF655988F}.Release with Code Analysis|Any CPU.Build.0 = Release|Any CPU
		{BB4870CD-5A28-474C-A513-491AF655988F}.Release with Code Analysis|x64.ActiveCfg = Release|Any CPU
		{BB4870CD-5A28-474C-A513-491AF655988F}.Release with Code Analysis|x64.Build.0 = Release|Any CPU
		{BB4870CD-5A28-474C-A513-491AF655988F}.Release with Code Analysis|x86.ActiveCfg = Release|Any CPU
		{BB4870CD-5A28-474C-A513-491AF655988F}.Release with Code Analysis|x86.Build.0 = Release|Any CPU
		{BB4870CD-5A28-474C-A513-491AF655988F}.Release|Any CPU.ActiveCfg = Release|Any CPU
		{BB4870CD-5A28-474C-A513-491AF655988F}.Release|Any CPU.Build.0 = Release|Any CPU
		{BB4870CD-5A28-474C-A513-491AF655988F}.Release|x64.ActiveCfg = Release|Any CPU
		{BB4870CD-5A28-474C-A513-491AF655988F}.Release|x64.Build.0 = Release|Any CPU
		{BB4870CD-5A28-474C-A513-491AF655988F}.Release|x86.ActiveCfg = Release|Any CPU
		{BB4870CD-5A28-474C-A513-491AF655988F}.Release|x86.Build.0 = Release|Any CPU
		{5C85873C-C376-4899-8806-FE8544419B18}.Debug|Any CPU.ActiveCfg = Debug|Any CPU
		{5C85873C-C376-4899-8806-FE8544419B18}.Debug|Any CPU.Build.0 = Debug|Any CPU
		{5C85873C-C376-4899-8806-FE8544419B18}.Debug|x64.ActiveCfg = Debug|Any CPU
		{5C85873C-C376-4899-8806-FE8544419B18}.Debug|x64.Build.0 = Debug|Any CPU
		{5C85873C-C376-4899-8806-FE8544419B18}.Debug|x86.ActiveCfg = Debug|Any CPU
		{5C85873C-C376-4899-8806-FE8544419B18}.Debug|x86.Build.0 = Debug|Any CPU
		{5C85873C-C376-4899-8806-FE8544419B18}.Release with Code Analysis|Any CPU.ActiveCfg = Release|Any CPU
		{5C85873C-C376-4899-8806-FE8544419B18}.Release with Code Analysis|Any CPU.Build.0 = Release|Any CPU
		{5C85873C-C376-4899-8806-FE8544419B18}.Release with Code Analysis|x64.ActiveCfg = Release|Any CPU
		{5C85873C-C376-4899-8806-FE8544419B18}.Release with Code Analysis|x64.Build.0 = Release|Any CPU
		{5C85873C-C376-4899-8806-FE8544419B18}.Release with Code Analysis|x86.ActiveCfg = Release|Any CPU
		{5C85873C-C376-4899-8806-FE8544419B18}.Release with Code Analysis|x86.Build.0 = Release|Any CPU
		{5C85873C-C376-4899-8806-FE8544419B18}.Release|Any CPU.ActiveCfg = Release|Any CPU
		{5C85873C-C376-4899-8806-FE8544419B18}.Release|Any CPU.Build.0 = Release|Any CPU
		{5C85873C-C376-4899-8806-FE8544419B18}.Release|x64.ActiveCfg = Release|Any CPU
		{5C85873C-C376-4899-8806-FE8544419B18}.Release|x64.Build.0 = Release|Any CPU
		{5C85873C-C376-4899-8806-FE8544419B18}.Release|x86.ActiveCfg = Release|Any CPU
		{5C85873C-C376-4899-8806-FE8544419B18}.Release|x86.Build.0 = Release|Any CPU
		{DF529814-4102-4145-9345-B405ED79138A}.Debug|Any CPU.ActiveCfg = Debug|Any CPU
		{DF529814-4102-4145-9345-B405ED79138A}.Debug|Any CPU.Build.0 = Debug|Any CPU
		{DF529814-4102-4145-9345-B405ED79138A}.Debug|x64.ActiveCfg = Debug|Any CPU
		{DF529814-4102-4145-9345-B405ED79138A}.Debug|x64.Build.0 = Debug|Any CPU
		{DF529814-4102-4145-9345-B405ED79138A}.Debug|x86.ActiveCfg = Debug|Any CPU
		{DF529814-4102-4145-9345-B405ED79138A}.Debug|x86.Build.0 = Debug|Any CPU
		{DF529814-4102-4145-9345-B405ED79138A}.Release with Code Analysis|Any CPU.ActiveCfg = Release|Any CPU
		{DF529814-4102-4145-9345-B405ED79138A}.Release with Code Analysis|Any CPU.Build.0 = Release|Any CPU
		{DF529814-4102-4145-9345-B405ED79138A}.Release with Code Analysis|x64.ActiveCfg = Release|Any CPU
		{DF529814-4102-4145-9345-B405ED79138A}.Release with Code Analysis|x64.Build.0 = Release|Any CPU
		{DF529814-4102-4145-9345-B405ED79138A}.Release with Code Analysis|x86.ActiveCfg = Release|Any CPU
		{DF529814-4102-4145-9345-B405ED79138A}.Release with Code Analysis|x86.Build.0 = Release|Any CPU
		{DF529814-4102-4145-9345-B405ED79138A}.Release|Any CPU.ActiveCfg = Release|Any CPU
		{DF529814-4102-4145-9345-B405ED79138A}.Release|Any CPU.Build.0 = Release|Any CPU
		{DF529814-4102-4145-9345-B405ED79138A}.Release|x64.ActiveCfg = Release|Any CPU
		{DF529814-4102-4145-9345-B405ED79138A}.Release|x64.Build.0 = Release|Any CPU
		{DF529814-4102-4145-9345-B405ED79138A}.Release|x86.ActiveCfg = Release|Any CPU
		{DF529814-4102-4145-9345-B405ED79138A}.Release|x86.Build.0 = Release|Any CPU
		{A1FD0583-17CC-4C81-90CD-047EB8950511}.Debug|Any CPU.ActiveCfg = Debug|Any CPU
		{A1FD0583-17CC-4C81-90CD-047EB8950511}.Debug|Any CPU.Build.0 = Debug|Any CPU
		{A1FD0583-17CC-4C81-90CD-047EB8950511}.Debug|x64.ActiveCfg = Debug|Any CPU
		{A1FD0583-17CC-4C81-90CD-047EB8950511}.Debug|x64.Build.0 = Debug|Any CPU
		{A1FD0583-17CC-4C81-90CD-047EB8950511}.Debug|x86.ActiveCfg = Debug|Any CPU
		{A1FD0583-17CC-4C81-90CD-047EB8950511}.Debug|x86.Build.0 = Debug|Any CPU
		{A1FD0583-17CC-4C81-90CD-047EB8950511}.Release with Code Analysis|Any CPU.ActiveCfg = Release|Any CPU
		{A1FD0583-17CC-4C81-90CD-047EB8950511}.Release with Code Analysis|Any CPU.Build.0 = Release|Any CPU
		{A1FD0583-17CC-4C81-90CD-047EB8950511}.Release with Code Analysis|x64.ActiveCfg = Release|Any CPU
		{A1FD0583-17CC-4C81-90CD-047EB8950511}.Release with Code Analysis|x64.Build.0 = Release|Any CPU
		{A1FD0583-17CC-4C81-90CD-047EB8950511}.Release with Code Analysis|x86.ActiveCfg = Release|Any CPU
		{A1FD0583-17CC-4C81-90CD-047EB8950511}.Release with Code Analysis|x86.Build.0 = Release|Any CPU
		{A1FD0583-17CC-4C81-90CD-047EB8950511}.Release|Any CPU.ActiveCfg = Release|Any CPU
		{A1FD0583-17CC-4C81-90CD-047EB8950511}.Release|Any CPU.Build.0 = Release|Any CPU
		{A1FD0583-17CC-4C81-90CD-047EB8950511}.Release|x64.ActiveCfg = Release|Any CPU
		{A1FD0583-17CC-4C81-90CD-047EB8950511}.Release|x64.Build.0 = Release|Any CPU
		{A1FD0583-17CC-4C81-90CD-047EB8950511}.Release|x86.ActiveCfg = Release|Any CPU
		{A1FD0583-17CC-4C81-90CD-047EB8950511}.Release|x86.Build.0 = Release|Any CPU
		{14CAAA31-D18C-4D10-805D-5E0E7E2C5B02}.Debug|Any CPU.ActiveCfg = Debug|Any CPU
		{14CAAA31-D18C-4D10-805D-5E0E7E2C5B02}.Debug|Any CPU.Build.0 = Debug|Any CPU
		{14CAAA31-D18C-4D10-805D-5E0E7E2C5B02}.Debug|x64.ActiveCfg = Debug|Any CPU
		{14CAAA31-D18C-4D10-805D-5E0E7E2C5B02}.Debug|x64.Build.0 = Debug|Any CPU
		{14CAAA31-D18C-4D10-805D-5E0E7E2C5B02}.Debug|x86.ActiveCfg = Debug|Any CPU
		{14CAAA31-D18C-4D10-805D-5E0E7E2C5B02}.Debug|x86.Build.0 = Debug|Any CPU
		{14CAAA31-D18C-4D10-805D-5E0E7E2C5B02}.Release with Code Analysis|Any CPU.ActiveCfg = Release|Any CPU
		{14CAAA31-D18C-4D10-805D-5E0E7E2C5B02}.Release with Code Analysis|Any CPU.Build.0 = Release|Any CPU
		{14CAAA31-D18C-4D10-805D-5E0E7E2C5B02}.Release with Code Analysis|x64.ActiveCfg = Release|Any CPU
		{14CAAA31-D18C-4D10-805D-5E0E7E2C5B02}.Release with Code Analysis|x64.Build.0 = Release|Any CPU
		{14CAAA31-D18C-4D10-805D-5E0E7E2C5B02}.Release with Code Analysis|x86.ActiveCfg = Release|Any CPU
		{14CAAA31-D18C-4D10-805D-5E0E7E2C5B02}.Release with Code Analysis|x86.Build.0 = Release|Any CPU
		{14CAAA31-D18C-4D10-805D-5E0E7E2C5B02}.Release|Any CPU.ActiveCfg = Release|Any CPU
		{14CAAA31-D18C-4D10-805D-5E0E7E2C5B02}.Release|Any CPU.Build.0 = Release|Any CPU
		{14CAAA31-D18C-4D10-805D-5E0E7E2C5B02}.Release|x64.ActiveCfg = Release|Any CPU
		{14CAAA31-D18C-4D10-805D-5E0E7E2C5B02}.Release|x64.Build.0 = Release|Any CPU
		{14CAAA31-D18C-4D10-805D-5E0E7E2C5B02}.Release|x86.ActiveCfg = Release|Any CPU
		{14CAAA31-D18C-4D10-805D-5E0E7E2C5B02}.Release|x86.Build.0 = Release|Any CPU
		{9F61E0ED-FAB1-47C5-AED2-3B9DB06DEFB2}.Debug|Any CPU.ActiveCfg = Debug|Any CPU
		{9F61E0ED-FAB1-47C5-AED2-3B9DB06DEFB2}.Debug|Any CPU.Build.0 = Debug|Any CPU
		{9F61E0ED-FAB1-47C5-AED2-3B9DB06DEFB2}.Debug|x64.ActiveCfg = Debug|Any CPU
		{9F61E0ED-FAB1-47C5-AED2-3B9DB06DEFB2}.Debug|x64.Build.0 = Debug|Any CPU
		{9F61E0ED-FAB1-47C5-AED2-3B9DB06DEFB2}.Debug|x86.ActiveCfg = Debug|Any CPU
		{9F61E0ED-FAB1-47C5-AED2-3B9DB06DEFB2}.Debug|x86.Build.0 = Debug|Any CPU
		{9F61E0ED-FAB1-47C5-AED2-3B9DB06DEFB2}.Release with Code Analysis|Any CPU.ActiveCfg = Release|Any CPU
		{9F61E0ED-FAB1-47C5-AED2-3B9DB06DEFB2}.Release with Code Analysis|Any CPU.Build.0 = Release|Any CPU
		{9F61E0ED-FAB1-47C5-AED2-3B9DB06DEFB2}.Release with Code Analysis|x64.ActiveCfg = Release|Any CPU
		{9F61E0ED-FAB1-47C5-AED2-3B9DB06DEFB2}.Release with Code Analysis|x64.Build.0 = Release|Any CPU
		{9F61E0ED-FAB1-47C5-AED2-3B9DB06DEFB2}.Release with Code Analysis|x86.ActiveCfg = Release|Any CPU
		{9F61E0ED-FAB1-47C5-AED2-3B9DB06DEFB2}.Release with Code Analysis|x86.Build.0 = Release|Any CPU
		{9F61E0ED-FAB1-47C5-AED2-3B9DB06DEFB2}.Release|Any CPU.ActiveCfg = Release|Any CPU
		{9F61E0ED-FAB1-47C5-AED2-3B9DB06DEFB2}.Release|Any CPU.Build.0 = Release|Any CPU
		{9F61E0ED-FAB1-47C5-AED2-3B9DB06DEFB2}.Release|x64.ActiveCfg = Release|Any CPU
		{9F61E0ED-FAB1-47C5-AED2-3B9DB06DEFB2}.Release|x64.Build.0 = Release|Any CPU
		{9F61E0ED-FAB1-47C5-AED2-3B9DB06DEFB2}.Release|x86.ActiveCfg = Release|Any CPU
		{9F61E0ED-FAB1-47C5-AED2-3B9DB06DEFB2}.Release|x86.Build.0 = Release|Any CPU
		{0612055B-9AB3-44E1-9662-7F8E1C29AF75}.Debug|Any CPU.ActiveCfg = Debug|Any CPU
		{0612055B-9AB3-44E1-9662-7F8E1C29AF75}.Debug|Any CPU.Build.0 = Debug|Any CPU
		{0612055B-9AB3-44E1-9662-7F8E1C29AF75}.Debug|x64.ActiveCfg = Debug|Any CPU
		{0612055B-9AB3-44E1-9662-7F8E1C29AF75}.Debug|x64.Build.0 = Debug|Any CPU
		{0612055B-9AB3-44E1-9662-7F8E1C29AF75}.Debug|x86.ActiveCfg = Debug|Any CPU
		{0612055B-9AB3-44E1-9662-7F8E1C29AF75}.Debug|x86.Build.0 = Debug|Any CPU
		{0612055B-9AB3-44E1-9662-7F8E1C29AF75}.Release with Code Analysis|Any CPU.ActiveCfg = Release|Any CPU
		{0612055B-9AB3-44E1-9662-7F8E1C29AF75}.Release with Code Analysis|Any CPU.Build.0 = Release|Any CPU
		{0612055B-9AB3-44E1-9662-7F8E1C29AF75}.Release with Code Analysis|x64.ActiveCfg = Release|Any CPU
		{0612055B-9AB3-44E1-9662-7F8E1C29AF75}.Release with Code Analysis|x64.Build.0 = Release|Any CPU
		{0612055B-9AB3-44E1-9662-7F8E1C29AF75}.Release with Code Analysis|x86.ActiveCfg = Release|Any CPU
		{0612055B-9AB3-44E1-9662-7F8E1C29AF75}.Release with Code Analysis|x86.Build.0 = Release|Any CPU
		{0612055B-9AB3-44E1-9662-7F8E1C29AF75}.Release|Any CPU.ActiveCfg = Release|Any CPU
		{0612055B-9AB3-44E1-9662-7F8E1C29AF75}.Release|Any CPU.Build.0 = Release|Any CPU
		{0612055B-9AB3-44E1-9662-7F8E1C29AF75}.Release|x64.ActiveCfg = Release|Any CPU
		{0612055B-9AB3-44E1-9662-7F8E1C29AF75}.Release|x64.Build.0 = Release|Any CPU
		{0612055B-9AB3-44E1-9662-7F8E1C29AF75}.Release|x86.ActiveCfg = Release|Any CPU
		{0612055B-9AB3-44E1-9662-7F8E1C29AF75}.Release|x86.Build.0 = Release|Any CPU
		{71F2BD1E-4867-455C-A15A-37C7A3E24B45}.Debug|Any CPU.ActiveCfg = Debug|Any CPU
		{71F2BD1E-4867-455C-A15A-37C7A3E24B45}.Debug|Any CPU.Build.0 = Debug|Any CPU
		{71F2BD1E-4867-455C-A15A-37C7A3E24B45}.Debug|x64.ActiveCfg = Debug|Any CPU
		{71F2BD1E-4867-455C-A15A-37C7A3E24B45}.Debug|x64.Build.0 = Debug|Any CPU
		{71F2BD1E-4867-455C-A15A-37C7A3E24B45}.Debug|x86.ActiveCfg = Debug|Any CPU
		{71F2BD1E-4867-455C-A15A-37C7A3E24B45}.Debug|x86.Build.0 = Debug|Any CPU
		{71F2BD1E-4867-455C-A15A-37C7A3E24B45}.Release with Code Analysis|Any CPU.ActiveCfg = Release|Any CPU
		{71F2BD1E-4867-455C-A15A-37C7A3E24B45}.Release with Code Analysis|Any CPU.Build.0 = Release|Any CPU
		{71F2BD1E-4867-455C-A15A-37C7A3E24B45}.Release with Code Analysis|x64.ActiveCfg = Release|Any CPU
		{71F2BD1E-4867-455C-A15A-37C7A3E24B45}.Release with Code Analysis|x64.Build.0 = Release|Any CPU
		{71F2BD1E-4867-455C-A15A-37C7A3E24B45}.Release with Code Analysis|x86.ActiveCfg = Release|Any CPU
		{71F2BD1E-4867-455C-A15A-37C7A3E24B45}.Release with Code Analysis|x86.Build.0 = Release|Any CPU
		{71F2BD1E-4867-455C-A15A-37C7A3E24B45}.Release|Any CPU.ActiveCfg = Release|Any CPU
		{71F2BD1E-4867-455C-A15A-37C7A3E24B45}.Release|Any CPU.Build.0 = Release|Any CPU
		{71F2BD1E-4867-455C-A15A-37C7A3E24B45}.Release|x64.ActiveCfg = Release|Any CPU
		{71F2BD1E-4867-455C-A15A-37C7A3E24B45}.Release|x64.Build.0 = Release|Any CPU
		{71F2BD1E-4867-455C-A15A-37C7A3E24B45}.Release|x86.ActiveCfg = Release|Any CPU
		{71F2BD1E-4867-455C-A15A-37C7A3E24B45}.Release|x86.Build.0 = Release|Any CPU
		{EEC1267E-372F-46B9-A4D1-22E03743A8E3}.Debug|Any CPU.ActiveCfg = Debug|Any CPU
		{EEC1267E-372F-46B9-A4D1-22E03743A8E3}.Debug|Any CPU.Build.0 = Debug|Any CPU
		{EEC1267E-372F-46B9-A4D1-22E03743A8E3}.Debug|x64.ActiveCfg = Debug|Any CPU
		{EEC1267E-372F-46B9-A4D1-22E03743A8E3}.Debug|x64.Build.0 = Debug|Any CPU
		{EEC1267E-372F-46B9-A4D1-22E03743A8E3}.Debug|x86.ActiveCfg = Debug|Any CPU
		{EEC1267E-372F-46B9-A4D1-22E03743A8E3}.Debug|x86.Build.0 = Debug|Any CPU
		{EEC1267E-372F-46B9-A4D1-22E03743A8E3}.Release with Code Analysis|Any CPU.ActiveCfg = Release|Any CPU
		{EEC1267E-372F-46B9-A4D1-22E03743A8E3}.Release with Code Analysis|Any CPU.Build.0 = Release|Any CPU
		{EEC1267E-372F-46B9-A4D1-22E03743A8E3}.Release with Code Analysis|x64.ActiveCfg = Release|Any CPU
		{EEC1267E-372F-46B9-A4D1-22E03743A8E3}.Release with Code Analysis|x64.Build.0 = Release|Any CPU
		{EEC1267E-372F-46B9-A4D1-22E03743A8E3}.Release with Code Analysis|x86.ActiveCfg = Release|Any CPU
		{EEC1267E-372F-46B9-A4D1-22E03743A8E3}.Release with Code Analysis|x86.Build.0 = Release|Any CPU
		{EEC1267E-372F-46B9-A4D1-22E03743A8E3}.Release|Any CPU.ActiveCfg = Release|Any CPU
		{EEC1267E-372F-46B9-A4D1-22E03743A8E3}.Release|Any CPU.Build.0 = Release|Any CPU
		{EEC1267E-372F-46B9-A4D1-22E03743A8E3}.Release|x64.ActiveCfg = Release|Any CPU
		{EEC1267E-372F-46B9-A4D1-22E03743A8E3}.Release|x64.Build.0 = Release|Any CPU
		{EEC1267E-372F-46B9-A4D1-22E03743A8E3}.Release|x86.ActiveCfg = Release|Any CPU
		{EEC1267E-372F-46B9-A4D1-22E03743A8E3}.Release|x86.Build.0 = Release|Any CPU
		{26A2FBFA-BA39-47E2-9C48-45797D68A3F9}.Debug|Any CPU.ActiveCfg = Debug|Any CPU
		{26A2FBFA-BA39-47E2-9C48-45797D68A3F9}.Debug|Any CPU.Build.0 = Debug|Any CPU
		{26A2FBFA-BA39-47E2-9C48-45797D68A3F9}.Debug|x64.ActiveCfg = Debug|Any CPU
		{26A2FBFA-BA39-47E2-9C48-45797D68A3F9}.Debug|x64.Build.0 = Debug|Any CPU
		{26A2FBFA-BA39-47E2-9C48-45797D68A3F9}.Debug|x86.ActiveCfg = Debug|Any CPU
		{26A2FBFA-BA39-47E2-9C48-45797D68A3F9}.Debug|x86.Build.0 = Debug|Any CPU
		{26A2FBFA-BA39-47E2-9C48-45797D68A3F9}.Release with Code Analysis|Any CPU.ActiveCfg = Release|Any CPU
		{26A2FBFA-BA39-47E2-9C48-45797D68A3F9}.Release with Code Analysis|Any CPU.Build.0 = Release|Any CPU
		{26A2FBFA-BA39-47E2-9C48-45797D68A3F9}.Release with Code Analysis|x64.ActiveCfg = Release|Any CPU
		{26A2FBFA-BA39-47E2-9C48-45797D68A3F9}.Release with Code Analysis|x64.Build.0 = Release|Any CPU
		{26A2FBFA-BA39-47E2-9C48-45797D68A3F9}.Release with Code Analysis|x86.ActiveCfg = Release|Any CPU
		{26A2FBFA-BA39-47E2-9C48-45797D68A3F9}.Release with Code Analysis|x86.Build.0 = Release|Any CPU
		{26A2FBFA-BA39-47E2-9C48-45797D68A3F9}.Release|Any CPU.ActiveCfg = Release|Any CPU
		{26A2FBFA-BA39-47E2-9C48-45797D68A3F9}.Release|Any CPU.Build.0 = Release|Any CPU
		{26A2FBFA-BA39-47E2-9C48-45797D68A3F9}.Release|x64.ActiveCfg = Release|Any CPU
		{26A2FBFA-BA39-47E2-9C48-45797D68A3F9}.Release|x64.Build.0 = Release|Any CPU
		{26A2FBFA-BA39-47E2-9C48-45797D68A3F9}.Release|x86.ActiveCfg = Release|Any CPU
		{26A2FBFA-BA39-47E2-9C48-45797D68A3F9}.Release|x86.Build.0 = Release|Any CPU
		{E612E069-A4DC-452E-A231-D8419A62C42A}.Debug|Any CPU.ActiveCfg = Debug|Any CPU
		{E612E069-A4DC-452E-A231-D8419A62C42A}.Debug|Any CPU.Build.0 = Debug|Any CPU
		{E612E069-A4DC-452E-A231-D8419A62C42A}.Debug|x64.ActiveCfg = Debug|Any CPU
		{E612E069-A4DC-452E-A231-D8419A62C42A}.Debug|x64.Build.0 = Debug|Any CPU
		{E612E069-A4DC-452E-A231-D8419A62C42A}.Debug|x86.ActiveCfg = Debug|Any CPU
		{E612E069-A4DC-452E-A231-D8419A62C42A}.Debug|x86.Build.0 = Debug|Any CPU
		{E612E069-A4DC-452E-A231-D8419A62C42A}.Release with Code Analysis|Any CPU.ActiveCfg = Release|Any CPU
		{E612E069-A4DC-452E-A231-D8419A62C42A}.Release with Code Analysis|Any CPU.Build.0 = Release|Any CPU
		{E612E069-A4DC-452E-A231-D8419A62C42A}.Release with Code Analysis|x64.ActiveCfg = Release|Any CPU
		{E612E069-A4DC-452E-A231-D8419A62C42A}.Release with Code Analysis|x64.Build.0 = Release|Any CPU
		{E612E069-A4DC-452E-A231-D8419A62C42A}.Release with Code Analysis|x86.ActiveCfg = Release|Any CPU
		{E612E069-A4DC-452E-A231-D8419A62C42A}.Release with Code Analysis|x86.Build.0 = Release|Any CPU
		{E612E069-A4DC-452E-A231-D8419A62C42A}.Release|Any CPU.ActiveCfg = Release|Any CPU
		{E612E069-A4DC-452E-A231-D8419A62C42A}.Release|Any CPU.Build.0 = Release|Any CPU
		{E612E069-A4DC-452E-A231-D8419A62C42A}.Release|x64.ActiveCfg = Release|Any CPU
		{E612E069-A4DC-452E-A231-D8419A62C42A}.Release|x64.Build.0 = Release|Any CPU
		{E612E069-A4DC-452E-A231-D8419A62C42A}.Release|x86.ActiveCfg = Release|Any CPU
		{E612E069-A4DC-452E-A231-D8419A62C42A}.Release|x86.Build.0 = Release|Any CPU
		{EFD2F7DD-D599-4308-9A44-8A03010B425C}.Debug|Any CPU.ActiveCfg = Debug|Any CPU
		{EFD2F7DD-D599-4308-9A44-8A03010B425C}.Debug|Any CPU.Build.0 = Debug|Any CPU
		{EFD2F7DD-D599-4308-9A44-8A03010B425C}.Debug|x64.ActiveCfg = Debug|Any CPU
		{EFD2F7DD-D599-4308-9A44-8A03010B425C}.Debug|x64.Build.0 = Debug|Any CPU
		{EFD2F7DD-D599-4308-9A44-8A03010B425C}.Debug|x86.ActiveCfg = Debug|Any CPU
		{EFD2F7DD-D599-4308-9A44-8A03010B425C}.Debug|x86.Build.0 = Debug|Any CPU
		{EFD2F7DD-D599-4308-9A44-8A03010B425C}.Release with Code Analysis|Any CPU.ActiveCfg = Release|Any CPU
		{EFD2F7DD-D599-4308-9A44-8A03010B425C}.Release with Code Analysis|Any CPU.Build.0 = Release|Any CPU
		{EFD2F7DD-D599-4308-9A44-8A03010B425C}.Release with Code Analysis|x64.ActiveCfg = Release|Any CPU
		{EFD2F7DD-D599-4308-9A44-8A03010B425C}.Release with Code Analysis|x64.Build.0 = Release|Any CPU
		{EFD2F7DD-D599-4308-9A44-8A03010B425C}.Release with Code Analysis|x86.ActiveCfg = Release|Any CPU
		{EFD2F7DD-D599-4308-9A44-8A03010B425C}.Release with Code Analysis|x86.Build.0 = Release|Any CPU
		{EFD2F7DD-D599-4308-9A44-8A03010B425C}.Release|Any CPU.ActiveCfg = Release|Any CPU
		{EFD2F7DD-D599-4308-9A44-8A03010B425C}.Release|Any CPU.Build.0 = Release|Any CPU
		{EFD2F7DD-D599-4308-9A44-8A03010B425C}.Release|x64.ActiveCfg = Release|Any CPU
		{EFD2F7DD-D599-4308-9A44-8A03010B425C}.Release|x64.Build.0 = Release|Any CPU
		{EFD2F7DD-D599-4308-9A44-8A03010B425C}.Release|x86.ActiveCfg = Release|Any CPU
		{EFD2F7DD-D599-4308-9A44-8A03010B425C}.Release|x86.Build.0 = Release|Any CPU
		{9D84C33A-197E-4B36-BEC3-591D303843C7}.Debug|Any CPU.ActiveCfg = Debug|Any CPU
		{9D84C33A-197E-4B36-BEC3-591D303843C7}.Debug|Any CPU.Build.0 = Debug|Any CPU
		{9D84C33A-197E-4B36-BEC3-591D303843C7}.Debug|x64.ActiveCfg = Debug|Any CPU
		{9D84C33A-197E-4B36-BEC3-591D303843C7}.Debug|x64.Build.0 = Debug|Any CPU
		{9D84C33A-197E-4B36-BEC3-591D303843C7}.Debug|x86.ActiveCfg = Debug|Any CPU
		{9D84C33A-197E-4B36-BEC3-591D303843C7}.Debug|x86.Build.0 = Debug|Any CPU
		{9D84C33A-197E-4B36-BEC3-591D303843C7}.Release with Code Analysis|Any CPU.ActiveCfg = Release|Any CPU
		{9D84C33A-197E-4B36-BEC3-591D303843C7}.Release with Code Analysis|Any CPU.Build.0 = Release|Any CPU
		{9D84C33A-197E-4B36-BEC3-591D303843C7}.Release with Code Analysis|x64.ActiveCfg = Release|Any CPU
		{9D84C33A-197E-4B36-BEC3-591D303843C7}.Release with Code Analysis|x64.Build.0 = Release|Any CPU
		{9D84C33A-197E-4B36-BEC3-591D303843C7}.Release with Code Analysis|x86.ActiveCfg = Release|Any CPU
		{9D84C33A-197E-4B36-BEC3-591D303843C7}.Release with Code Analysis|x86.Build.0 = Release|Any CPU
		{9D84C33A-197E-4B36-BEC3-591D303843C7}.Release|Any CPU.ActiveCfg = Release|Any CPU
		{9D84C33A-197E-4B36-BEC3-591D303843C7}.Release|Any CPU.Build.0 = Release|Any CPU
		{9D84C33A-197E-4B36-BEC3-591D303843C7}.Release|x64.ActiveCfg = Release|Any CPU
		{9D84C33A-197E-4B36-BEC3-591D303843C7}.Release|x64.Build.0 = Release|Any CPU
		{9D84C33A-197E-4B36-BEC3-591D303843C7}.Release|x86.ActiveCfg = Release|Any CPU
		{9D84C33A-197E-4B36-BEC3-591D303843C7}.Release|x86.Build.0 = Release|Any CPU
		{8E642D79-DCC3-4BB1-968A-A949FB58149C}.Debug|Any CPU.ActiveCfg = Debug|Any CPU
		{8E642D79-DCC3-4BB1-968A-A949FB58149C}.Debug|Any CPU.Build.0 = Debug|Any CPU
		{8E642D79-DCC3-4BB1-968A-A949FB58149C}.Debug|x64.ActiveCfg = Debug|Any CPU
		{8E642D79-DCC3-4BB1-968A-A949FB58149C}.Debug|x64.Build.0 = Debug|Any CPU
		{8E642D79-DCC3-4BB1-968A-A949FB58149C}.Debug|x86.ActiveCfg = Debug|Any CPU
		{8E642D79-DCC3-4BB1-968A-A949FB58149C}.Debug|x86.Build.0 = Debug|Any CPU
		{8E642D79-DCC3-4BB1-968A-A949FB58149C}.Release with Code Analysis|Any CPU.ActiveCfg = Release|Any CPU
		{8E642D79-DCC3-4BB1-968A-A949FB58149C}.Release with Code Analysis|Any CPU.Build.0 = Release|Any CPU
		{8E642D79-DCC3-4BB1-968A-A949FB58149C}.Release with Code Analysis|x64.ActiveCfg = Release|Any CPU
		{8E642D79-DCC3-4BB1-968A-A949FB58149C}.Release with Code Analysis|x64.Build.0 = Release|Any CPU
		{8E642D79-DCC3-4BB1-968A-A949FB58149C}.Release with Code Analysis|x86.ActiveCfg = Release|Any CPU
		{8E642D79-DCC3-4BB1-968A-A949FB58149C}.Release with Code Analysis|x86.Build.0 = Release|Any CPU
		{8E642D79-DCC3-4BB1-968A-A949FB58149C}.Release|Any CPU.ActiveCfg = Release|Any CPU
		{8E642D79-DCC3-4BB1-968A-A949FB58149C}.Release|Any CPU.Build.0 = Release|Any CPU
		{8E642D79-DCC3-4BB1-968A-A949FB58149C}.Release|x64.ActiveCfg = Release|Any CPU
		{8E642D79-DCC3-4BB1-968A-A949FB58149C}.Release|x64.Build.0 = Release|Any CPU
		{8E642D79-DCC3-4BB1-968A-A949FB58149C}.Release|x86.ActiveCfg = Release|Any CPU
		{8E642D79-DCC3-4BB1-968A-A949FB58149C}.Release|x86.Build.0 = Release|Any CPU
		{6FF02AF8-F08B-45C1-A03A-DF287E90CDD0}.Debug|Any CPU.ActiveCfg = Debug|Any CPU
		{6FF02AF8-F08B-45C1-A03A-DF287E90CDD0}.Debug|Any CPU.Build.0 = Debug|Any CPU
		{6FF02AF8-F08B-45C1-A03A-DF287E90CDD0}.Debug|x64.ActiveCfg = Debug|Any CPU
		{6FF02AF8-F08B-45C1-A03A-DF287E90CDD0}.Debug|x64.Build.0 = Debug|Any CPU
		{6FF02AF8-F08B-45C1-A03A-DF287E90CDD0}.Debug|x86.ActiveCfg = Debug|Any CPU
		{6FF02AF8-F08B-45C1-A03A-DF287E90CDD0}.Debug|x86.Build.0 = Debug|Any CPU
		{6FF02AF8-F08B-45C1-A03A-DF287E90CDD0}.Release with Code Analysis|Any CPU.ActiveCfg = Release|Any CPU
		{6FF02AF8-F08B-45C1-A03A-DF287E90CDD0}.Release with Code Analysis|Any CPU.Build.0 = Release|Any CPU
		{6FF02AF8-F08B-45C1-A03A-DF287E90CDD0}.Release with Code Analysis|x64.ActiveCfg = Release|Any CPU
		{6FF02AF8-F08B-45C1-A03A-DF287E90CDD0}.Release with Code Analysis|x64.Build.0 = Release|Any CPU
		{6FF02AF8-F08B-45C1-A03A-DF287E90CDD0}.Release with Code Analysis|x86.ActiveCfg = Release|Any CPU
		{6FF02AF8-F08B-45C1-A03A-DF287E90CDD0}.Release with Code Analysis|x86.Build.0 = Release|Any CPU
		{6FF02AF8-F08B-45C1-A03A-DF287E90CDD0}.Release|Any CPU.ActiveCfg = Release|Any CPU
		{6FF02AF8-F08B-45C1-A03A-DF287E90CDD0}.Release|Any CPU.Build.0 = Release|Any CPU
		{6FF02AF8-F08B-45C1-A03A-DF287E90CDD0}.Release|x64.ActiveCfg = Release|Any CPU
		{6FF02AF8-F08B-45C1-A03A-DF287E90CDD0}.Release|x64.Build.0 = Release|Any CPU
		{6FF02AF8-F08B-45C1-A03A-DF287E90CDD0}.Release|x86.ActiveCfg = Release|Any CPU
		{6FF02AF8-F08B-45C1-A03A-DF287E90CDD0}.Release|x86.Build.0 = Release|Any CPU
		{0D731FA5-9E13-4565-9DAF-B6A9169F64DB}.Debug|Any CPU.ActiveCfg = Debug|Any CPU
		{0D731FA5-9E13-4565-9DAF-B6A9169F64DB}.Debug|Any CPU.Build.0 = Debug|Any CPU
		{0D731FA5-9E13-4565-9DAF-B6A9169F64DB}.Debug|x64.ActiveCfg = Debug|Any CPU
		{0D731FA5-9E13-4565-9DAF-B6A9169F64DB}.Debug|x64.Build.0 = Debug|Any CPU
		{0D731FA5-9E13-4565-9DAF-B6A9169F64DB}.Debug|x86.ActiveCfg = Debug|Any CPU
		{0D731FA5-9E13-4565-9DAF-B6A9169F64DB}.Debug|x86.Build.0 = Debug|Any CPU
		{0D731FA5-9E13-4565-9DAF-B6A9169F64DB}.Release with Code Analysis|Any CPU.ActiveCfg = Release|Any CPU
		{0D731FA5-9E13-4565-9DAF-B6A9169F64DB}.Release with Code Analysis|Any CPU.Build.0 = Release|Any CPU
		{0D731FA5-9E13-4565-9DAF-B6A9169F64DB}.Release with Code Analysis|x64.ActiveCfg = Release|Any CPU
		{0D731FA5-9E13-4565-9DAF-B6A9169F64DB}.Release with Code Analysis|x64.Build.0 = Release|Any CPU
		{0D731FA5-9E13-4565-9DAF-B6A9169F64DB}.Release with Code Analysis|x86.ActiveCfg = Release|Any CPU
		{0D731FA5-9E13-4565-9DAF-B6A9169F64DB}.Release with Code Analysis|x86.Build.0 = Release|Any CPU
		{0D731FA5-9E13-4565-9DAF-B6A9169F64DB}.Release|Any CPU.ActiveCfg = Release|Any CPU
		{0D731FA5-9E13-4565-9DAF-B6A9169F64DB}.Release|Any CPU.Build.0 = Release|Any CPU
		{0D731FA5-9E13-4565-9DAF-B6A9169F64DB}.Release|x64.ActiveCfg = Release|Any CPU
		{0D731FA5-9E13-4565-9DAF-B6A9169F64DB}.Release|x64.Build.0 = Release|Any CPU
		{0D731FA5-9E13-4565-9DAF-B6A9169F64DB}.Release|x86.ActiveCfg = Release|Any CPU
		{0D731FA5-9E13-4565-9DAF-B6A9169F64DB}.Release|x86.Build.0 = Release|Any CPU
	EndGlobalSection
	GlobalSection(SolutionProperties) = preSolution
		HideSolutionNode = FALSE
	EndGlobalSection
	GlobalSection(NestedProjects) = preSolution
		{0BBD2EE2-18E4-4135-A87D-F800DDDDE099} = {AEBDED62-5D0E-4EA8-8097-0D56DFC2EA77}
		{AD8BA5D8-8F9A-4353-A1DE-9BE0C3CBBC3F} = {AEBDED62-5D0E-4EA8-8097-0D56DFC2EA77}
		{1CAAD937-7B4F-475C-B489-DB97C6F8AAF2} = {AEBDED62-5D0E-4EA8-8097-0D56DFC2EA77}
	EndGlobalSection
	GlobalSection(ExtensibilityGlobals) = postSolution
		SolutionGuid = {620B813A-963B-4580-A26D-A1D7F27C5FF9}
	EndGlobalSection
EndGlobal
